// !$*UTF8*$!
{
	archiveVersion = 1;
	classes = {
	};
	objectVersion = 46;
	objects = {

/* Begin PBXBuildFile section */
		66268464172F22B500283577 /* Foundation.framework in Frameworks */ = {isa = PBXBuildFile; fileRef = 66AB04A41596EA9600806DC4 /* Foundation.framework */; };
		66268487172F22C400283577 /* NSAttributedStringMarkdownParser.m in Sources */ = {isa = PBXBuildFile; fileRef = 66AB04F71596ECAF00806DC4 /* NSAttributedStringMarkdownParser.m */; };
		66268488172F22C400283577 /* MarkdownTokenizer.m in Sources */ = {isa = PBXBuildFile; fileRef = 66AB05061596EDA200806DC4 /* MarkdownTokenizer.m */; };
		66268489172F22C400283577 /* MarkdownTokens.m in Sources */ = {isa = PBXBuildFile; fileRef = 66AB05081596EDA200806DC4 /* MarkdownTokens.m */; };
		6626848A172F22C400283577 /* fmemopen.c in Sources */ = {isa = PBXBuildFile; fileRef = 6692F5011599068F00FA074E /* fmemopen.c */; };
		66268494172F25C400283577 /* UIKit.framework in Frameworks */ = {isa = PBXBuildFile; fileRef = 6626845D172F228300283577 /* UIKit.framework */; };
		66268495172F25C400283577 /* Foundation.framework in Frameworks */ = {isa = PBXBuildFile; fileRef = 66AB04A41596EA9600806DC4 /* Foundation.framework */; };
		66268497172F25C400283577 /* CoreGraphics.framework in Frameworks */ = {isa = PBXBuildFile; fileRef = 66268496172F25C400283577 /* CoreGraphics.framework */; };
		6626849D172F25C400283577 /* InfoPlist.strings in Resources */ = {isa = PBXBuildFile; fileRef = 6626849B172F25C400283577 /* InfoPlist.strings */; };
		6626849F172F25C400283577 /* main.m in Sources */ = {isa = PBXBuildFile; fileRef = 6626849E172F25C400283577 /* main.m */; };
		662684A3172F25C400283577 /* AppDelegate.m in Sources */ = {isa = PBXBuildFile; fileRef = 662684A2172F25C400283577 /* AppDelegate.m */; };
		662684A5172F25C500283577 /* Default.png in Resources */ = {isa = PBXBuildFile; fileRef = 662684A4172F25C500283577 /* Default.png */; };
		662684A7172F25C500283577 /* Default@2x.png in Resources */ = {isa = PBXBuildFile; fileRef = 662684A6172F25C500283577 /* Default@2x.png */; };
		662684A9172F25C500283577 /* Default-568h@2x.png in Resources */ = {isa = PBXBuildFile; fileRef = 662684A8172F25C500283577 /* Default-568h@2x.png */; };
		662684AF172F25D200283577 /* libNSAttributedStringMarkdownParser.a in Frameworks */ = {isa = PBXBuildFile; fileRef = 66268463172F22B500283577 /* libNSAttributedStringMarkdownParser.a */; };
		662684E5172F271900283577 /* NIActions.m in Sources */ = {isa = PBXBuildFile; fileRef = 662684B3172F271900283577 /* NIActions.m */; };
		662684E6172F271900283577 /* NIButtonUtilities.m in Sources */ = {isa = PBXBuildFile; fileRef = 662684B6172F271900283577 /* NIButtonUtilities.m */; };
		662684E7172F271900283577 /* NICommonMetrics.m in Sources */ = {isa = PBXBuildFile; fileRef = 662684B8172F271900283577 /* NICommonMetrics.m */; };
		662684E8172F271900283577 /* NIDataStructures.m in Sources */ = {isa = PBXBuildFile; fileRef = 662684BA172F271900283577 /* NIDataStructures.m */; };
		662684E9172F271900283577 /* NIDebuggingTools.m in Sources */ = {isa = PBXBuildFile; fileRef = 662684BC172F271900283577 /* NIDebuggingTools.m */; };
		662684EA172F271900283577 /* NIDeviceOrientation.m in Sources */ = {isa = PBXBuildFile; fileRef = 662684BE172F271900283577 /* NIDeviceOrientation.m */; };
		662684EB172F271900283577 /* NIError.m in Sources */ = {isa = PBXBuildFile; fileRef = 662684C0172F271900283577 /* NIError.m */; };
		662684EC172F271900283577 /* NIFoundationMethods.m in Sources */ = {isa = PBXBuildFile; fileRef = 662684C2172F271900283577 /* NIFoundationMethods.m */; };
		662684ED172F271900283577 /* NIImageUtilities.m in Sources */ = {isa = PBXBuildFile; fileRef = 662684C4172F271900283577 /* NIImageUtilities.m */; };
		662684EE172F271900283577 /* NIInMemoryCache.m in Sources */ = {isa = PBXBuildFile; fileRef = 662684C6172F271900283577 /* NIInMemoryCache.m */; };
		662684EF172F271900283577 /* NIInvocationMethods.m in Sources */ = {isa = PBXBuildFile; fileRef = 662684C8172F271900283577 /* NIInvocationMethods.m */; };
		662684F0172F271900283577 /* NINavigationAppearance.m in Sources */ = {isa = PBXBuildFile; fileRef = 662684CC172F271900283577 /* NINavigationAppearance.m */; };
		662684F1172F271900283577 /* NINetworkActivity.m in Sources */ = {isa = PBXBuildFile; fileRef = 662684CE172F271900283577 /* NINetworkActivity.m */; };
		662684F2172F271900283577 /* NINonEmptyCollectionTesting.m in Sources */ = {isa = PBXBuildFile; fileRef = 662684D0172F271900283577 /* NINonEmptyCollectionTesting.m */; };
		662684F3172F271900283577 /* NINonRetainingCollections.m in Sources */ = {isa = PBXBuildFile; fileRef = 662684D2172F271900283577 /* NINonRetainingCollections.m */; };
		662684F4172F271900283577 /* NIOperations.m in Sources */ = {isa = PBXBuildFile; fileRef = 662684D4172F271900283577 /* NIOperations.m */; };
		662684F5172F271900283577 /* NIPaths.m in Sources */ = {isa = PBXBuildFile; fileRef = 662684D7172F271900283577 /* NIPaths.m */; };
		662684F6172F271900283577 /* NIRuntimeClassModifications.m in Sources */ = {isa = PBXBuildFile; fileRef = 662684DA172F271900283577 /* NIRuntimeClassModifications.m */; };
		662684F7172F271900283577 /* NISDKAvailability.m in Sources */ = {isa = PBXBuildFile; fileRef = 662684DC172F271900283577 /* NISDKAvailability.m */; };
		662684F8172F271900283577 /* NISnapshotRotation.m in Sources */ = {isa = PBXBuildFile; fileRef = 662684DE172F271900283577 /* NISnapshotRotation.m */; };
		662684F9172F271900283577 /* NIState.m in Sources */ = {isa = PBXBuildFile; fileRef = 662684E0172F271900283577 /* NIState.m */; };
		662684FA172F271900283577 /* NIViewRecycler.m in Sources */ = {isa = PBXBuildFile; fileRef = 662684E2172F271900283577 /* NIViewRecycler.m */; };
		662684FB172F271900283577 /* NSString+NimbusCore.m in Sources */ = {isa = PBXBuildFile; fileRef = 662684E4172F271900283577 /* NSString+NimbusCore.m */; };
		66268502172F273000283577 /* NIAttributedLabel.m in Sources */ = {isa = PBXBuildFile; fileRef = 662684FE172F273000283577 /* NIAttributedLabel.m */; };
		66268503172F273000283577 /* NSMutableAttributedString+NimbusAttributedLabel.m in Sources */ = {isa = PBXBuildFile; fileRef = 66268501172F273000283577 /* NSMutableAttributedString+NimbusAttributedLabel.m */; };
		66268504172F273F00283577 /* CoreText.framework in Frameworks */ = {isa = PBXBuildFile; fileRef = 66AB052A1596FCC900806DC4 /* CoreText.framework */; };
		6626851B172F276500283577 /* NICellBackgrounds.m in Sources */ = {isa = PBXBuildFile; fileRef = 66268507172F276500283577 /* NICellBackgrounds.m */; };
		6626851C172F276500283577 /* NICellCatalog.m in Sources */ = {isa = PBXBuildFile; fileRef = 66268509172F276500283577 /* NICellCatalog.m */; };
		6626851D172F276500283577 /* NICellFactory.m in Sources */ = {isa = PBXBuildFile; fileRef = 6626850B172F276500283577 /* NICellFactory.m */; };
		6626851E172F276500283577 /* NIFormCellCatalog.m in Sources */ = {isa = PBXBuildFile; fileRef = 6626850D172F276500283577 /* NIFormCellCatalog.m */; };
		6626851F172F276500283577 /* NIMutableTableViewModel.m in Sources */ = {isa = PBXBuildFile; fileRef = 66268510172F276500283577 /* NIMutableTableViewModel.m */; };
		66268520172F276500283577 /* NIRadioGroup.m in Sources */ = {isa = PBXBuildFile; fileRef = 66268513172F276500283577 /* NIRadioGroup.m */; };
		66268521172F276500283577 /* NIRadioGroupController.m in Sources */ = {isa = PBXBuildFile; fileRef = 66268515172F276500283577 /* NIRadioGroupController.m */; };
		66268522172F276500283577 /* NITableViewActions.m in Sources */ = {isa = PBXBuildFile; fileRef = 66268517172F276500283577 /* NITableViewActions.m */; };
		66268523172F276500283577 /* NITableViewModel.m in Sources */ = {isa = PBXBuildFile; fileRef = 66268519172F276500283577 /* NITableViewModel.m */; };
		66FE975E172F48DE006602B4 /* CatalogViewController.m in Sources */ = {isa = PBXBuildFile; fileRef = 66FE975D172F48DE006602B4 /* CatalogViewController.m */; };
		66FE9762172F49EA006602B4 /* EmphasisViewController.m in Sources */ = {isa = PBXBuildFile; fileRef = 66FE9761172F49EA006602B4 /* EmphasisViewController.m */; };
		66FE9765172F4CED006602B4 /* HeadersViewController.m in Sources */ = {isa = PBXBuildFile; fileRef = 66FE9764172F4CED006602B4 /* HeadersViewController.m */; };
		66FE9768172F4DEA006602B4 /* LinksViewController.m in Sources */ = {isa = PBXBuildFile; fileRef = 66FE9767172F4DEA006602B4 /* LinksViewController.m */; };
		9B376A2E174B699000879427 /* ComplexViewController.m in Sources */ = {isa = PBXBuildFile; fileRef = 9B376A2D174B699000879427 /* ComplexViewController.m */; };
		9B68470D172FDE5E007AB239 /* ParagraphsViewController.m in Sources */ = {isa = PBXBuildFile; fileRef = 9B68470C172FDE5E007AB239 /* ParagraphsViewController.m */; };
/* End PBXBuildFile section */

/* Begin PBXContainerItemProxy section */
		6626848D172F23E100283577 /* PBXContainerItemProxy */ = {
			isa = PBXContainerItemProxy;
			containerPortal = 66AB04981596EA9600806DC4 /* Project object */;
			proxyType = 1;
			remoteGlobalIDString = 66AB04F11596EC4A00806DC4;
			remoteInfo = "Markdown Grammar";
		};
		662684AD172F25CF00283577 /* PBXContainerItemProxy */ = {
			isa = PBXContainerItemProxy;
			containerPortal = 66AB04981596EA9600806DC4 /* Project object */;
			proxyType = 1;
			remoteGlobalIDString = 66268462172F22B500283577;
			remoteInfo = NSAttributedStringMarkdownParser;
		};
/* End PBXContainerItemProxy section */

/* Begin PBXCopyFilesBuildPhase section */
		66268461172F22B500283577 /* CopyFiles */ = {
			isa = PBXCopyFilesBuildPhase;
			buildActionMask = 2147483647;
			dstPath = "include/${PRODUCT_NAME}";
			dstSubfolderSpec = 16;
			files = (
			);
			runOnlyForDeploymentPostprocessing = 0;
		};
/* End PBXCopyFilesBuildPhase section */

/* Begin PBXFileReference section */
		6626845D172F228300283577 /* UIKit.framework */ = {isa = PBXFileReference; lastKnownFileType = wrapper.framework; name = UIKit.framework; path = System/Library/Frameworks/UIKit.framework; sourceTree = SDKROOT; };
		66268463172F22B500283577 /* libNSAttributedStringMarkdownParser.a */ = {isa = PBXFileReference; explicitFileType = archive.ar; includeInIndex = 0; path = libNSAttributedStringMarkdownParser.a; sourceTree = BUILT_PRODUCTS_DIR; };
		66268493172F25C400283577 /* MarkdownCatalog.app */ = {isa = PBXFileReference; explicitFileType = wrapper.application; includeInIndex = 0; path = MarkdownCatalog.app; sourceTree = BUILT_PRODUCTS_DIR; };
		66268496172F25C400283577 /* CoreGraphics.framework */ = {isa = PBXFileReference; lastKnownFileType = wrapper.framework; name = CoreGraphics.framework; path = System/Library/Frameworks/CoreGraphics.framework; sourceTree = SDKROOT; };
		6626849A172F25C400283577 /* MarkdownCatalog-Info.plist */ = {isa = PBXFileReference; lastKnownFileType = text.plist.xml; path = "MarkdownCatalog-Info.plist"; sourceTree = "<group>"; };
		6626849C172F25C400283577 /* en */ = {isa = PBXFileReference; lastKnownFileType = text.plist.strings; name = en; path = en.lproj/InfoPlist.strings; sourceTree = "<group>"; };
		6626849E172F25C400283577 /* main.m */ = {isa = PBXFileReference; lastKnownFileType = sourcecode.c.objc; path = main.m; sourceTree = "<group>"; };
		662684A0172F25C400283577 /* MarkdownCatalog-Prefix.pch */ = {isa = PBXFileReference; lastKnownFileType = sourcecode.c.h; path = "MarkdownCatalog-Prefix.pch"; sourceTree = "<group>"; };
		662684A1172F25C400283577 /* AppDelegate.h */ = {isa = PBXFileReference; lastKnownFileType = sourcecode.c.h; path = AppDelegate.h; sourceTree = "<group>"; };
		662684A2172F25C400283577 /* AppDelegate.m */ = {isa = PBXFileReference; lastKnownFileType = sourcecode.c.objc; path = AppDelegate.m; sourceTree = "<group>"; };
		662684A4172F25C500283577 /* Default.png */ = {isa = PBXFileReference; lastKnownFileType = image.png; path = Default.png; sourceTree = "<group>"; };
		662684A6172F25C500283577 /* Default@2x.png */ = {isa = PBXFileReference; lastKnownFileType = image.png; path = "Default@2x.png"; sourceTree = "<group>"; };
		662684A8172F25C500283577 /* Default-568h@2x.png */ = {isa = PBXFileReference; lastKnownFileType = image.png; path = "Default-568h@2x.png"; sourceTree = "<group>"; };
		662684B2172F271900283577 /* NIActions.h */ = {isa = PBXFileReference; fileEncoding = 4; lastKnownFileType = sourcecode.c.h; path = NIActions.h; sourceTree = "<group>"; };
		662684B3172F271900283577 /* NIActions.m */ = {isa = PBXFileReference; fileEncoding = 4; lastKnownFileType = sourcecode.c.objc; path = NIActions.m; sourceTree = "<group>"; };
		662684B4172F271900283577 /* NIActions+Subclassing.h */ = {isa = PBXFileReference; fileEncoding = 4; lastKnownFileType = sourcecode.c.h; path = "NIActions+Subclassing.h"; sourceTree = "<group>"; };
		662684B5172F271900283577 /* NIButtonUtilities.h */ = {isa = PBXFileReference; fileEncoding = 4; lastKnownFileType = sourcecode.c.h; path = NIButtonUtilities.h; sourceTree = "<group>"; };
		662684B6172F271900283577 /* NIButtonUtilities.m */ = {isa = PBXFileReference; fileEncoding = 4; lastKnownFileType = sourcecode.c.objc; path = NIButtonUtilities.m; sourceTree = "<group>"; };
		662684B7172F271900283577 /* NICommonMetrics.h */ = {isa = PBXFileReference; fileEncoding = 4; lastKnownFileType = sourcecode.c.h; path = NICommonMetrics.h; sourceTree = "<group>"; };
		662684B8172F271900283577 /* NICommonMetrics.m */ = {isa = PBXFileReference; fileEncoding = 4; lastKnownFileType = sourcecode.c.objc; path = NICommonMetrics.m; sourceTree = "<group>"; };
		662684B9172F271900283577 /* NIDataStructures.h */ = {isa = PBXFileReference; fileEncoding = 4; lastKnownFileType = sourcecode.c.h; path = NIDataStructures.h; sourceTree = "<group>"; };
		662684BA172F271900283577 /* NIDataStructures.m */ = {isa = PBXFileReference; fileEncoding = 4; lastKnownFileType = sourcecode.c.objc; path = NIDataStructures.m; sourceTree = "<group>"; };
		662684BB172F271900283577 /* NIDebuggingTools.h */ = {isa = PBXFileReference; fileEncoding = 4; lastKnownFileType = sourcecode.c.h; path = NIDebuggingTools.h; sourceTree = "<group>"; };
		662684BC172F271900283577 /* NIDebuggingTools.m */ = {isa = PBXFileReference; fileEncoding = 4; lastKnownFileType = sourcecode.c.objc; path = NIDebuggingTools.m; sourceTree = "<group>"; };
		662684BD172F271900283577 /* NIDeviceOrientation.h */ = {isa = PBXFileReference; fileEncoding = 4; lastKnownFileType = sourcecode.c.h; path = NIDeviceOrientation.h; sourceTree = "<group>"; };
		662684BE172F271900283577 /* NIDeviceOrientation.m */ = {isa = PBXFileReference; fileEncoding = 4; lastKnownFileType = sourcecode.c.objc; path = NIDeviceOrientation.m; sourceTree = "<group>"; };
		662684BF172F271900283577 /* NIError.h */ = {isa = PBXFileReference; fileEncoding = 4; lastKnownFileType = sourcecode.c.h; path = NIError.h; sourceTree = "<group>"; };
		662684C0172F271900283577 /* NIError.m */ = {isa = PBXFileReference; fileEncoding = 4; lastKnownFileType = sourcecode.c.objc; path = NIError.m; sourceTree = "<group>"; };
		662684C1172F271900283577 /* NIFoundationMethods.h */ = {isa = PBXFileReference; fileEncoding = 4; lastKnownFileType = sourcecode.c.h; path = NIFoundationMethods.h; sourceTree = "<group>"; };
		662684C2172F271900283577 /* NIFoundationMethods.m */ = {isa = PBXFileReference; fileEncoding = 4; lastKnownFileType = sourcecode.c.objc; path = NIFoundationMethods.m; sourceTree = "<group>"; };
		662684C3172F271900283577 /* NIImageUtilities.h */ = {isa = PBXFileReference; fileEncoding = 4; lastKnownFileType = sourcecode.c.h; path = NIImageUtilities.h; sourceTree = "<group>"; };
		662684C4172F271900283577 /* NIImageUtilities.m */ = {isa = PBXFileReference; fileEncoding = 4; lastKnownFileType = sourcecode.c.objc; path = NIImageUtilities.m; sourceTree = "<group>"; };
		662684C5172F271900283577 /* NIInMemoryCache.h */ = {isa = PBXFileReference; fileEncoding = 4; lastKnownFileType = sourcecode.c.h; path = NIInMemoryCache.h; sourceTree = "<group>"; };
		662684C6172F271900283577 /* NIInMemoryCache.m */ = {isa = PBXFileReference; fileEncoding = 4; lastKnownFileType = sourcecode.c.objc; path = NIInMemoryCache.m; sourceTree = "<group>"; };
		662684C7172F271900283577 /* NIInvocationMethods.h */ = {isa = PBXFileReference; fileEncoding = 4; lastKnownFileType = sourcecode.c.h; path = NIInvocationMethods.h; sourceTree = "<group>"; };
		662684C8172F271900283577 /* NIInvocationMethods.m */ = {isa = PBXFileReference; fileEncoding = 4; lastKnownFileType = sourcecode.c.objc; path = NIInvocationMethods.m; sourceTree = "<group>"; };
		662684C9172F271900283577 /* NimbusCore.h */ = {isa = PBXFileReference; fileEncoding = 4; lastKnownFileType = sourcecode.c.h; path = NimbusCore.h; sourceTree = "<group>"; };
		662684CA172F271900283577 /* NimbusCore+Additions.h */ = {isa = PBXFileReference; fileEncoding = 4; lastKnownFileType = sourcecode.c.h; path = "NimbusCore+Additions.h"; sourceTree = "<group>"; };
		662684CB172F271900283577 /* NINavigationAppearance.h */ = {isa = PBXFileReference; fileEncoding = 4; lastKnownFileType = sourcecode.c.h; path = NINavigationAppearance.h; sourceTree = "<group>"; };
		662684CC172F271900283577 /* NINavigationAppearance.m */ = {isa = PBXFileReference; fileEncoding = 4; lastKnownFileType = sourcecode.c.objc; path = NINavigationAppearance.m; sourceTree = "<group>"; };
		662684CD172F271900283577 /* NINetworkActivity.h */ = {isa = PBXFileReference; fileEncoding = 4; lastKnownFileType = sourcecode.c.h; path = NINetworkActivity.h; sourceTree = "<group>"; };
		662684CE172F271900283577 /* NINetworkActivity.m */ = {isa = PBXFileReference; fileEncoding = 4; lastKnownFileType = sourcecode.c.objc; path = NINetworkActivity.m; sourceTree = "<group>"; };
		662684CF172F271900283577 /* NINonEmptyCollectionTesting.h */ = {isa = PBXFileReference; fileEncoding = 4; lastKnownFileType = sourcecode.c.h; path = NINonEmptyCollectionTesting.h; sourceTree = "<group>"; };
		662684D0172F271900283577 /* NINonEmptyCollectionTesting.m */ = {isa = PBXFileReference; fileEncoding = 4; lastKnownFileType = sourcecode.c.objc; path = NINonEmptyCollectionTesting.m; sourceTree = "<group>"; };
		662684D1172F271900283577 /* NINonRetainingCollections.h */ = {isa = PBXFileReference; fileEncoding = 4; lastKnownFileType = sourcecode.c.h; path = NINonRetainingCollections.h; sourceTree = "<group>"; };
		662684D2172F271900283577 /* NINonRetainingCollections.m */ = {isa = PBXFileReference; fileEncoding = 4; lastKnownFileType = sourcecode.c.objc; path = NINonRetainingCollections.m; sourceTree = "<group>"; };
		662684D3172F271900283577 /* NIOperations.h */ = {isa = PBXFileReference; fileEncoding = 4; lastKnownFileType = sourcecode.c.h; path = NIOperations.h; sourceTree = "<group>"; };
		662684D4172F271900283577 /* NIOperations.m */ = {isa = PBXFileReference; fileEncoding = 4; lastKnownFileType = sourcecode.c.objc; path = NIOperations.m; sourceTree = "<group>"; };
		662684D5172F271900283577 /* NIOperations+Subclassing.h */ = {isa = PBXFileReference; fileEncoding = 4; lastKnownFileType = sourcecode.c.h; path = "NIOperations+Subclassing.h"; sourceTree = "<group>"; };
		662684D6172F271900283577 /* NIPaths.h */ = {isa = PBXFileReference; fileEncoding = 4; lastKnownFileType = sourcecode.c.h; path = NIPaths.h; sourceTree = "<group>"; };
		662684D7172F271900283577 /* NIPaths.m */ = {isa = PBXFileReference; fileEncoding = 4; lastKnownFileType = sourcecode.c.objc; path = NIPaths.m; sourceTree = "<group>"; };
		662684D8172F271900283577 /* NIPreprocessorMacros.h */ = {isa = PBXFileReference; fileEncoding = 4; lastKnownFileType = sourcecode.c.h; path = NIPreprocessorMacros.h; sourceTree = "<group>"; };
		662684D9172F271900283577 /* NIRuntimeClassModifications.h */ = {isa = PBXFileReference; fileEncoding = 4; lastKnownFileType = sourcecode.c.h; path = NIRuntimeClassModifications.h; sourceTree = "<group>"; };
		662684DA172F271900283577 /* NIRuntimeClassModifications.m */ = {isa = PBXFileReference; fileEncoding = 4; lastKnownFileType = sourcecode.c.objc; path = NIRuntimeClassModifications.m; sourceTree = "<group>"; };
		662684DB172F271900283577 /* NISDKAvailability.h */ = {isa = PBXFileReference; fileEncoding = 4; lastKnownFileType = sourcecode.c.h; path = NISDKAvailability.h; sourceTree = "<group>"; };
		662684DC172F271900283577 /* NISDKAvailability.m */ = {isa = PBXFileReference; fileEncoding = 4; lastKnownFileType = sourcecode.c.objc; path = NISDKAvailability.m; sourceTree = "<group>"; };
		662684DD172F271900283577 /* NISnapshotRotation.h */ = {isa = PBXFileReference; fileEncoding = 4; lastKnownFileType = sourcecode.c.h; path = NISnapshotRotation.h; sourceTree = "<group>"; };
		662684DE172F271900283577 /* NISnapshotRotation.m */ = {isa = PBXFileReference; fileEncoding = 4; lastKnownFileType = sourcecode.c.objc; path = NISnapshotRotation.m; sourceTree = "<group>"; };
		662684DF172F271900283577 /* NIState.h */ = {isa = PBXFileReference; fileEncoding = 4; lastKnownFileType = sourcecode.c.h; path = NIState.h; sourceTree = "<group>"; };
		662684E0172F271900283577 /* NIState.m */ = {isa = PBXFileReference; fileEncoding = 4; lastKnownFileType = sourcecode.c.objc; path = NIState.m; sourceTree = "<group>"; };
		662684E1172F271900283577 /* NIViewRecycler.h */ = {isa = PBXFileReference; fileEncoding = 4; lastKnownFileType = sourcecode.c.h; path = NIViewRecycler.h; sourceTree = "<group>"; };
		662684E2172F271900283577 /* NIViewRecycler.m */ = {isa = PBXFileReference; fileEncoding = 4; lastKnownFileType = sourcecode.c.objc; path = NIViewRecycler.m; sourceTree = "<group>"; };
		662684E3172F271900283577 /* NSString+NimbusCore.h */ = {isa = PBXFileReference; fileEncoding = 4; lastKnownFileType = sourcecode.c.h; path = "NSString+NimbusCore.h"; sourceTree = "<group>"; };
		662684E4172F271900283577 /* NSString+NimbusCore.m */ = {isa = PBXFileReference; fileEncoding = 4; lastKnownFileType = sourcecode.c.objc; path = "NSString+NimbusCore.m"; sourceTree = "<group>"; };
		662684FD172F273000283577 /* NIAttributedLabel.h */ = {isa = PBXFileReference; fileEncoding = 4; lastKnownFileType = sourcecode.c.h; path = NIAttributedLabel.h; sourceTree = "<group>"; };
		662684FE172F273000283577 /* NIAttributedLabel.m */ = {isa = PBXFileReference; fileEncoding = 4; lastKnownFileType = sourcecode.c.objc; path = NIAttributedLabel.m; sourceTree = "<group>"; };
		662684FF172F273000283577 /* NimbusAttributedLabel.h */ = {isa = PBXFileReference; fileEncoding = 4; lastKnownFileType = sourcecode.c.h; path = NimbusAttributedLabel.h; sourceTree = "<group>"; };
		66268500172F273000283577 /* NSMutableAttributedString+NimbusAttributedLabel.h */ = {isa = PBXFileReference; fileEncoding = 4; lastKnownFileType = sourcecode.c.h; path = "NSMutableAttributedString+NimbusAttributedLabel.h"; sourceTree = "<group>"; };
		66268501172F273000283577 /* NSMutableAttributedString+NimbusAttributedLabel.m */ = {isa = PBXFileReference; fileEncoding = 4; lastKnownFileType = sourcecode.c.objc; path = "NSMutableAttributedString+NimbusAttributedLabel.m"; sourceTree = "<group>"; };
		66268506172F276500283577 /* NICellBackgrounds.h */ = {isa = PBXFileReference; fileEncoding = 4; lastKnownFileType = sourcecode.c.h; path = NICellBackgrounds.h; sourceTree = "<group>"; };
		66268507172F276500283577 /* NICellBackgrounds.m */ = {isa = PBXFileReference; fileEncoding = 4; lastKnownFileType = sourcecode.c.objc; path = NICellBackgrounds.m; sourceTree = "<group>"; };
		66268508172F276500283577 /* NICellCatalog.h */ = {isa = PBXFileReference; fileEncoding = 4; lastKnownFileType = sourcecode.c.h; path = NICellCatalog.h; sourceTree = "<group>"; };
		66268509172F276500283577 /* NICellCatalog.m */ = {isa = PBXFileReference; fileEncoding = 4; lastKnownFileType = sourcecode.c.objc; path = NICellCatalog.m; sourceTree = "<group>"; };
		6626850A172F276500283577 /* NICellFactory.h */ = {isa = PBXFileReference; fileEncoding = 4; lastKnownFileType = sourcecode.c.h; path = NICellFactory.h; sourceTree = "<group>"; };
		6626850B172F276500283577 /* NICellFactory.m */ = {isa = PBXFileReference; fileEncoding = 4; lastKnownFileType = sourcecode.c.objc; path = NICellFactory.m; sourceTree = "<group>"; };
		6626850C172F276500283577 /* NIFormCellCatalog.h */ = {isa = PBXFileReference; fileEncoding = 4; lastKnownFileType = sourcecode.c.h; path = NIFormCellCatalog.h; sourceTree = "<group>"; };
		6626850D172F276500283577 /* NIFormCellCatalog.m */ = {isa = PBXFileReference; fileEncoding = 4; lastKnownFileType = sourcecode.c.objc; path = NIFormCellCatalog.m; sourceTree = "<group>"; };
		6626850E172F276500283577 /* NimbusModels.h */ = {isa = PBXFileReference; fileEncoding = 4; lastKnownFileType = sourcecode.c.h; path = NimbusModels.h; sourceTree = "<group>"; };
		6626850F172F276500283577 /* NIMutableTableViewModel.h */ = {isa = PBXFileReference; fileEncoding = 4; lastKnownFileType = sourcecode.c.h; path = NIMutableTableViewModel.h; sourceTree = "<group>"; };
		66268510172F276500283577 /* NIMutableTableViewModel.m */ = {isa = PBXFileReference; fileEncoding = 4; lastKnownFileType = sourcecode.c.objc; path = NIMutableTableViewModel.m; sourceTree = "<group>"; };
		66268511172F276500283577 /* NIMutableTableViewModel+Private.h */ = {isa = PBXFileReference; fileEncoding = 4; lastKnownFileType = sourcecode.c.h; path = "NIMutableTableViewModel+Private.h"; sourceTree = "<group>"; };
		66268512172F276500283577 /* NIRadioGroup.h */ = {isa = PBXFileReference; fileEncoding = 4; lastKnownFileType = sourcecode.c.h; path = NIRadioGroup.h; sourceTree = "<group>"; };
		66268513172F276500283577 /* NIRadioGroup.m */ = {isa = PBXFileReference; fileEncoding = 4; lastKnownFileType = sourcecode.c.objc; path = NIRadioGroup.m; sourceTree = "<group>"; };
		66268514172F276500283577 /* NIRadioGroupController.h */ = {isa = PBXFileReference; fileEncoding = 4; lastKnownFileType = sourcecode.c.h; path = NIRadioGroupController.h; sourceTree = "<group>"; };
		66268515172F276500283577 /* NIRadioGroupController.m */ = {isa = PBXFileReference; fileEncoding = 4; lastKnownFileType = sourcecode.c.objc; path = NIRadioGroupController.m; sourceTree = "<group>"; };
		66268516172F276500283577 /* NITableViewActions.h */ = {isa = PBXFileReference; fileEncoding = 4; lastKnownFileType = sourcecode.c.h; path = NITableViewActions.h; sourceTree = "<group>"; };
		66268517172F276500283577 /* NITableViewActions.m */ = {isa = PBXFileReference; fileEncoding = 4; lastKnownFileType = sourcecode.c.objc; path = NITableViewActions.m; sourceTree = "<group>"; };
		66268518172F276500283577 /* NITableViewModel.h */ = {isa = PBXFileReference; fileEncoding = 4; lastKnownFileType = sourcecode.c.h; path = NITableViewModel.h; sourceTree = "<group>"; };
		66268519172F276500283577 /* NITableViewModel.m */ = {isa = PBXFileReference; fileEncoding = 4; lastKnownFileType = sourcecode.c.objc; path = NITableViewModel.m; sourceTree = "<group>"; };
		6626851A172F276500283577 /* NITableViewModel+Private.h */ = {isa = PBXFileReference; fileEncoding = 4; lastKnownFileType = sourcecode.c.h; path = "NITableViewModel+Private.h"; sourceTree = "<group>"; };
		6692F5011599068F00FA074E /* fmemopen.c */ = {isa = PBXFileReference; fileEncoding = 4; lastKnownFileType = sourcecode.c.c; name = fmemopen.c; path = fmemopen/fmemopen.c; sourceTree = "<group>"; };
		6692F5021599068F00FA074E /* fmemopen.h */ = {isa = PBXFileReference; fileEncoding = 4; lastKnownFileType = sourcecode.c.h; name = fmemopen.h; path = fmemopen/fmemopen.h; sourceTree = "<group>"; };
		6692F5031599068F00FA074E /* README.md */ = {isa = PBXFileReference; fileEncoding = 4; lastKnownFileType = text; name = README.md; path = fmemopen/README.md; sourceTree = "<group>"; };
		66AB04A41596EA9600806DC4 /* Foundation.framework */ = {isa = PBXFileReference; lastKnownFileType = wrapper.framework; name = Foundation.framework; path = System/Library/Frameworks/Foundation.framework; sourceTree = SDKROOT; };
		66AB04B31596EA9600806DC4 /* SenTestingKit.framework */ = {isa = PBXFileReference; lastKnownFileType = wrapper.framework; name = SenTestingKit.framework; path = Library/Frameworks/SenTestingKit.framework; sourceTree = DEVELOPER_DIR; };
		66AB04CC1596EB9700806DC4 /* LICENSE */ = {isa = PBXFileReference; lastKnownFileType = text; path = LICENSE; sourceTree = "<group>"; };
		66AB04CD1596EB9700806DC4 /* NOTICE */ = {isa = PBXFileReference; lastKnownFileType = text; path = NOTICE; sourceTree = "<group>"; };
		66AB04CE1596EBBB00806DC4 /* README.mdown */ = {isa = PBXFileReference; lastKnownFileType = text; path = README.mdown; sourceTree = "<group>"; };
		66AB04EC1596EC1D00806DC4 /* markdown.grammar */ = {isa = PBXFileReference; lastKnownFileType = text; name = markdown.grammar; path = grammar/markdown.grammar; sourceTree = "<group>"; };
		66AB04ED1596EC1D00806DC4 /* MarkdownTokenizerPrefix */ = {isa = PBXFileReference; lastKnownFileType = text; name = MarkdownTokenizerPrefix; path = grammar/MarkdownTokenizerPrefix; sourceTree = "<group>"; };
		66AB04EE1596EC1D00806DC4 /* MarkdownTokens.cpp */ = {isa = PBXFileReference; lastKnownFileType = sourcecode.cpp.cpp; name = MarkdownTokens.cpp; path = grammar/MarkdownTokens.cpp; sourceTree = "<group>"; };
		66AB04EF1596EC1D00806DC4 /* MarkdownTokens.h */ = {isa = PBXFileReference; lastKnownFileType = sourcecode.c.h; name = MarkdownTokens.h; path = grammar/MarkdownTokens.h; sourceTree = "<group>"; };
		66AB04F01596EC1D00806DC4 /* generate */ = {isa = PBXFileReference; lastKnownFileType = text.script.sh; name = generate; path = grammar/generate; sourceTree = "<group>"; };
		66AB04F61596ECAF00806DC4 /* NSAttributedStringMarkdownParser.h */ = {isa = PBXFileReference; fileEncoding = 4; lastKnownFileType = sourcecode.c.h; name = NSAttributedStringMarkdownParser.h; path = src/NSAttributedStringMarkdownParser.h; sourceTree = "<group>"; };
		66AB04F71596ECAF00806DC4 /* NSAttributedStringMarkdownParser.m */ = {isa = PBXFileReference; fileEncoding = 4; lastKnownFileType = sourcecode.c.objc; name = NSAttributedStringMarkdownParser.m; path = src/NSAttributedStringMarkdownParser.m; sourceTree = "<group>"; };
		66AB05061596EDA200806DC4 /* MarkdownTokenizer.m */ = {isa = PBXFileReference; fileEncoding = 4; lastKnownFileType = sourcecode.c.objc; name = MarkdownTokenizer.m; path = src/MarkdownTokenizer.m; sourceTree = "<group>"; };
		66AB05071596EDA200806DC4 /* MarkdownTokens.h */ = {isa = PBXFileReference; fileEncoding = 4; lastKnownFileType = sourcecode.c.h; name = MarkdownTokens.h; path = src/MarkdownTokens.h; sourceTree = "<group>"; };
		66AB05081596EDA200806DC4 /* MarkdownTokens.m */ = {isa = PBXFileReference; fileEncoding = 4; lastKnownFileType = sourcecode.c.objc; name = MarkdownTokens.m; path = src/MarkdownTokens.m; sourceTree = "<group>"; };
		66AB052A1596FCC900806DC4 /* CoreText.framework */ = {isa = PBXFileReference; lastKnownFileType = wrapper.framework; name = CoreText.framework; path = System/Library/Frameworks/CoreText.framework; sourceTree = SDKROOT; };
		66FE975C172F48DE006602B4 /* CatalogViewController.h */ = {isa = PBXFileReference; fileEncoding = 4; lastKnownFileType = sourcecode.c.h; path = CatalogViewController.h; sourceTree = "<group>"; };
		66FE975D172F48DE006602B4 /* CatalogViewController.m */ = {isa = PBXFileReference; fileEncoding = 4; lastKnownFileType = sourcecode.c.objc; path = CatalogViewController.m; sourceTree = "<group>"; };
		66FE9760172F49EA006602B4 /* EmphasisViewController.h */ = {isa = PBXFileReference; fileEncoding = 4; lastKnownFileType = sourcecode.c.h; path = EmphasisViewController.h; sourceTree = "<group>"; };
		66FE9761172F49EA006602B4 /* EmphasisViewController.m */ = {isa = PBXFileReference; fileEncoding = 4; lastKnownFileType = sourcecode.c.objc; path = EmphasisViewController.m; sourceTree = "<group>"; };
		66FE9763172F4CED006602B4 /* HeadersViewController.h */ = {isa = PBXFileReference; fileEncoding = 4; lastKnownFileType = sourcecode.c.h; path = HeadersViewController.h; sourceTree = "<group>"; };
		66FE9764172F4CED006602B4 /* HeadersViewController.m */ = {isa = PBXFileReference; fileEncoding = 4; lastKnownFileType = sourcecode.c.objc; path = HeadersViewController.m; sourceTree = "<group>"; };
		66FE9766172F4DEA006602B4 /* LinksViewController.h */ = {isa = PBXFileReference; fileEncoding = 4; lastKnownFileType = sourcecode.c.h; path = LinksViewController.h; sourceTree = "<group>"; };
		66FE9767172F4DEA006602B4 /* LinksViewController.m */ = {isa = PBXFileReference; fileEncoding = 4; lastKnownFileType = sourcecode.c.objc; path = LinksViewController.m; sourceTree = "<group>"; };
		66FE9769172F5350006602B4 /* Prefix.pch */ = {isa = PBXFileReference; lastKnownFileType = sourcecode.c.h; path = Prefix.pch; sourceTree = "<group>"; };
		9B376A2C174B699000879427 /* ComplexViewController.h */ = {isa = PBXFileReference; fileEncoding = 4; lastKnownFileType = sourcecode.c.h; path = ComplexViewController.h; sourceTree = "<group>"; };
		9B376A2D174B699000879427 /* ComplexViewController.m */ = {isa = PBXFileReference; fileEncoding = 4; lastKnownFileType = sourcecode.c.objc; path = ComplexViewController.m; sourceTree = "<group>"; };
		9B68470B172FDE5D007AB239 /* ParagraphsViewController.h */ = {isa = PBXFileReference; fileEncoding = 4; lastKnownFileType = sourcecode.c.h; path = ParagraphsViewController.h; sourceTree = "<group>"; };
		9B68470C172FDE5E007AB239 /* ParagraphsViewController.m */ = {isa = PBXFileReference; fileEncoding = 4; lastKnownFileType = sourcecode.c.objc; path = ParagraphsViewController.m; sourceTree = "<group>"; };
/* End PBXFileReference section */

/* Begin PBXFrameworksBuildPhase section */
		66268460172F22B500283577 /* Frameworks */ = {
			isa = PBXFrameworksBuildPhase;
			buildActionMask = 2147483647;
			files = (
				66268464172F22B500283577 /* Foundation.framework in Frameworks */,
			);
			runOnlyForDeploymentPostprocessing = 0;
		};
		66268490172F25C400283577 /* Frameworks */ = {
			isa = PBXFrameworksBuildPhase;
			buildActionMask = 2147483647;
			files = (
				66268504172F273F00283577 /* CoreText.framework in Frameworks */,
				662684AF172F25D200283577 /* libNSAttributedStringMarkdownParser.a in Frameworks */,
				66268494172F25C400283577 /* UIKit.framework in Frameworks */,
				66268495172F25C400283577 /* Foundation.framework in Frameworks */,
				66268497172F25C400283577 /* CoreGraphics.framework in Frameworks */,
			);
			runOnlyForDeploymentPostprocessing = 0;
		};
/* End PBXFrameworksBuildPhase section */

/* Begin PBXGroup section */
		66268498172F25C400283577 /* MarkdownCatalog */ = {
			isa = PBXGroup;
			children = (
				662684A1172F25C400283577 /* AppDelegate.h */,
				662684A2172F25C400283577 /* AppDelegate.m */,
				66FE975C172F48DE006602B4 /* CatalogViewController.h */,
				66FE975D172F48DE006602B4 /* CatalogViewController.m */,
				66FE975F172F49D9006602B4 /* Catalog */,
				662684B0172F26FD00283577 /* Nimbus */,
				66268499172F25C400283577 /* Supporting Files */,
			);
			path = MarkdownCatalog;
			sourceTree = "<group>";
		};
		66268499172F25C400283577 /* Supporting Files */ = {
			isa = PBXGroup;
			children = (
				6626849A172F25C400283577 /* MarkdownCatalog-Info.plist */,
				6626849B172F25C400283577 /* InfoPlist.strings */,
				6626849E172F25C400283577 /* main.m */,
				662684A0172F25C400283577 /* MarkdownCatalog-Prefix.pch */,
				662684A4172F25C500283577 /* Default.png */,
				662684A6172F25C500283577 /* Default@2x.png */,
				662684A8172F25C500283577 /* Default-568h@2x.png */,
			);
			name = "Supporting Files";
			sourceTree = "<group>";
		};
		662684B0172F26FD00283577 /* Nimbus */ = {
			isa = PBXGroup;
			children = (
				662684FC172F271F00283577 /* attributed label */,
				662684B1172F270E00283577 /* core */,
				66268505172F275300283577 /* models */,
			);
			name = Nimbus;
			path = ../nimbus/src;
			sourceTree = "<group>";
		};
		662684B1172F270E00283577 /* core */ = {
			isa = PBXGroup;
			children = (
				662684B2172F271900283577 /* NIActions.h */,
				662684B3172F271900283577 /* NIActions.m */,
				662684B4172F271900283577 /* NIActions+Subclassing.h */,
				662684B5172F271900283577 /* NIButtonUtilities.h */,
				662684B6172F271900283577 /* NIButtonUtilities.m */,
				662684B7172F271900283577 /* NICommonMetrics.h */,
				662684B8172F271900283577 /* NICommonMetrics.m */,
				662684B9172F271900283577 /* NIDataStructures.h */,
				662684BA172F271900283577 /* NIDataStructures.m */,
				662684BB172F271900283577 /* NIDebuggingTools.h */,
				662684BC172F271900283577 /* NIDebuggingTools.m */,
				662684BD172F271900283577 /* NIDeviceOrientation.h */,
				662684BE172F271900283577 /* NIDeviceOrientation.m */,
				662684BF172F271900283577 /* NIError.h */,
				662684C0172F271900283577 /* NIError.m */,
				662684C1172F271900283577 /* NIFoundationMethods.h */,
				662684C2172F271900283577 /* NIFoundationMethods.m */,
				662684C3172F271900283577 /* NIImageUtilities.h */,
				662684C4172F271900283577 /* NIImageUtilities.m */,
				662684C5172F271900283577 /* NIInMemoryCache.h */,
				662684C6172F271900283577 /* NIInMemoryCache.m */,
				662684C7172F271900283577 /* NIInvocationMethods.h */,
				662684C8172F271900283577 /* NIInvocationMethods.m */,
				662684C9172F271900283577 /* NimbusCore.h */,
				662684CA172F271900283577 /* NimbusCore+Additions.h */,
				662684CB172F271900283577 /* NINavigationAppearance.h */,
				662684CC172F271900283577 /* NINavigationAppearance.m */,
				662684CD172F271900283577 /* NINetworkActivity.h */,
				662684CE172F271900283577 /* NINetworkActivity.m */,
				662684CF172F271900283577 /* NINonEmptyCollectionTesting.h */,
				662684D0172F271900283577 /* NINonEmptyCollectionTesting.m */,
				662684D1172F271900283577 /* NINonRetainingCollections.h */,
				662684D2172F271900283577 /* NINonRetainingCollections.m */,
				662684D3172F271900283577 /* NIOperations.h */,
				662684D4172F271900283577 /* NIOperations.m */,
				662684D5172F271900283577 /* NIOperations+Subclassing.h */,
				662684D6172F271900283577 /* NIPaths.h */,
				662684D7172F271900283577 /* NIPaths.m */,
				662684D8172F271900283577 /* NIPreprocessorMacros.h */,
				662684D9172F271900283577 /* NIRuntimeClassModifications.h */,
				662684DA172F271900283577 /* NIRuntimeClassModifications.m */,
				662684DB172F271900283577 /* NISDKAvailability.h */,
				662684DC172F271900283577 /* NISDKAvailability.m */,
				662684DD172F271900283577 /* NISnapshotRotation.h */,
				662684DE172F271900283577 /* NISnapshotRotation.m */,
				662684DF172F271900283577 /* NIState.h */,
				662684E0172F271900283577 /* NIState.m */,
				662684E1172F271900283577 /* NIViewRecycler.h */,
				662684E2172F271900283577 /* NIViewRecycler.m */,
				662684E3172F271900283577 /* NSString+NimbusCore.h */,
				662684E4172F271900283577 /* NSString+NimbusCore.m */,
			);
			name = core;
			path = core/src;
			sourceTree = "<group>";
		};
		662684FC172F271F00283577 /* attributed label */ = {
			isa = PBXGroup;
			children = (
				662684FD172F273000283577 /* NIAttributedLabel.h */,
				662684FE172F273000283577 /* NIAttributedLabel.m */,
				662684FF172F273000283577 /* NimbusAttributedLabel.h */,
				66268500172F273000283577 /* NSMutableAttributedString+NimbusAttributedLabel.h */,
				66268501172F273000283577 /* NSMutableAttributedString+NimbusAttributedLabel.m */,
			);
			name = "attributed label";
			path = attributedlabel/src;
			sourceTree = "<group>";
		};
		66268505172F275300283577 /* models */ = {
			isa = PBXGroup;
			children = (
				66268506172F276500283577 /* NICellBackgrounds.h */,
				66268507172F276500283577 /* NICellBackgrounds.m */,
				66268508172F276500283577 /* NICellCatalog.h */,
				66268509172F276500283577 /* NICellCatalog.m */,
				6626850A172F276500283577 /* NICellFactory.h */,
				6626850B172F276500283577 /* NICellFactory.m */,
				6626850C172F276500283577 /* NIFormCellCatalog.h */,
				6626850D172F276500283577 /* NIFormCellCatalog.m */,
				6626850E172F276500283577 /* NimbusModels.h */,
				6626850F172F276500283577 /* NIMutableTableViewModel.h */,
				66268510172F276500283577 /* NIMutableTableViewModel.m */,
				66268511172F276500283577 /* NIMutableTableViewModel+Private.h */,
				66268512172F276500283577 /* NIRadioGroup.h */,
				66268513172F276500283577 /* NIRadioGroup.m */,
				66268514172F276500283577 /* NIRadioGroupController.h */,
				66268515172F276500283577 /* NIRadioGroupController.m */,
				66268516172F276500283577 /* NITableViewActions.h */,
				66268517172F276500283577 /* NITableViewActions.m */,
				66268518172F276500283577 /* NITableViewModel.h */,
				66268519172F276500283577 /* NITableViewModel.m */,
				6626851A172F276500283577 /* NITableViewModel+Private.h */,
			);
			name = models;
			path = models/src;
			sourceTree = "<group>";
		};
		66AB04961596EA9600806DC4 = {
			isa = PBXGroup;
			children = (
				66AB04CE1596EBBB00806DC4 /* README.mdown */,
				66AB04CC1596EB9700806DC4 /* LICENSE */,
				66AB04CD1596EB9700806DC4 /* NOTICE */,
				66FE9769172F5350006602B4 /* Prefix.pch */,
				66AB05011596ECCA00806DC4 /* Parser */,
				66268498172F25C400283577 /* MarkdownCatalog */,
				66AB04A31596EA9600806DC4 /* Frameworks */,
				66AB04A21596EA9600806DC4 /* Products */,
			);
			indentWidth = 2;
			sourceTree = "<group>";
			tabWidth = 2;
		};
		66AB04A21596EA9600806DC4 /* Products */ = {
			isa = PBXGroup;
			children = (
				66268463172F22B500283577 /* libNSAttributedStringMarkdownParser.a */,
				66268493172F25C400283577 /* MarkdownCatalog.app */,
			);
			name = Products;
			sourceTree = "<group>";
		};
		66AB04A31596EA9600806DC4 /* Frameworks */ = {
			isa = PBXGroup;
			children = (
				6626845D172F228300283577 /* UIKit.framework */,
				66AB052A1596FCC900806DC4 /* CoreText.framework */,
				66AB04A41596EA9600806DC4 /* Foundation.framework */,
				66AB04B31596EA9600806DC4 /* SenTestingKit.framework */,
				66268496172F25C400283577 /* CoreGraphics.framework */,
			);
			name = Frameworks;
			sourceTree = "<group>";
		};
		66AB04CF1596EBF200806DC4 /* Grammar */ = {
			isa = PBXGroup;
			children = (
				66AB04EC1596EC1D00806DC4 /* markdown.grammar */,
				66AB04ED1596EC1D00806DC4 /* MarkdownTokenizerPrefix */,
				66AB04EE1596EC1D00806DC4 /* MarkdownTokens.cpp */,
				66AB04EF1596EC1D00806DC4 /* MarkdownTokens.h */,
				66AB04F01596EC1D00806DC4 /* generate */,
			);
			name = Grammar;
			sourceTree = "<group>";
		};
		66AB05011596ECCA00806DC4 /* Parser */ = {
			isa = PBXGroup;
			children = (
				66AB04F61596ECAF00806DC4 /* NSAttributedStringMarkdownParser.h */,
				66AB04F71596ECAF00806DC4 /* NSAttributedStringMarkdownParser.m */,
				66AB050B1596EDA400806DC4 /* Tokenizer (autogenerated) */,
				66AB055E1598DCE500806DC4 /* fmemopen */,
				66AB04CF1596EBF200806DC4 /* Grammar */,
			);
			name = Parser;
			sourceTree = "<group>";
		};
		66AB050B1596EDA400806DC4 /* Tokenizer (autogenerated) */ = {
			isa = PBXGroup;
			children = (
				66AB05061596EDA200806DC4 /* MarkdownTokenizer.m */,
				66AB05071596EDA200806DC4 /* MarkdownTokens.h */,
				66AB05081596EDA200806DC4 /* MarkdownTokens.m */,
			);
			name = "Tokenizer (autogenerated)";
			sourceTree = "<group>";
		};
		66AB055E1598DCE500806DC4 /* fmemopen */ = {
			isa = PBXGroup;
			children = (
				6692F5011599068F00FA074E /* fmemopen.c */,
				6692F5021599068F00FA074E /* fmemopen.h */,
				6692F5031599068F00FA074E /* README.md */,
			);
			name = fmemopen;
			sourceTree = "<group>";
		};
		66FE975F172F49D9006602B4 /* Catalog */ = {
			isa = PBXGroup;
			children = (
				66FE9760172F49EA006602B4 /* EmphasisViewController.h */,
				66FE9761172F49EA006602B4 /* EmphasisViewController.m */,
				66FE9763172F4CED006602B4 /* HeadersViewController.h */,
				66FE9764172F4CED006602B4 /* HeadersViewController.m */,
				66FE9766172F4DEA006602B4 /* LinksViewController.h */,
				66FE9767172F4DEA006602B4 /* LinksViewController.m */,
				9B68470B172FDE5D007AB239 /* ParagraphsViewController.h */,
				9B68470C172FDE5E007AB239 /* ParagraphsViewController.m */,
				9B376A2C174B699000879427 /* ComplexViewController.h */,
				9B376A2D174B699000879427 /* ComplexViewController.m */,
			);
			name = Catalog;
			sourceTree = "<group>";
		};
/* End PBXGroup section */

/* Begin PBXLegacyTarget section */
		66AB04F11596EC4A00806DC4 /* Markdown Grammar */ = {
			isa = PBXLegacyTarget;
			buildArgumentsString = "$(ACTION)";
			buildConfigurationList = 66AB04F21596EC4A00806DC4 /* Build configuration list for PBXLegacyTarget "Markdown Grammar" */;
			buildPhases = (
			);
			buildToolPath = ./generate;
			buildWorkingDirectory = grammar;
			dependencies = (
			);
			name = "Markdown Grammar";
			passBuildSettingsInEnvironment = 1;
			productName = "Markdown Grammar";
		};
/* End PBXLegacyTarget section */

/* Begin PBXNativeTarget section */
		66268462172F22B500283577 /* NSAttributedStringMarkdownParser */ = {
			isa = PBXNativeTarget;
			buildConfigurationList = 66268481172F22B500283577 /* Build configuration list for PBXNativeTarget "NSAttributedStringMarkdownParser" */;
			buildPhases = (
				6626845F172F22B500283577 /* Sources */,
				66268460172F22B500283577 /* Frameworks */,
				66268461172F22B500283577 /* CopyFiles */,
			);
			buildRules = (
			);
			dependencies = (
				6626848E172F23E100283577 /* PBXTargetDependency */,
			);
			name = NSAttributedStringMarkdownParser;
			productName = NSAttributedStringMarkdownParser;
			productReference = 66268463172F22B500283577 /* libNSAttributedStringMarkdownParser.a */;
			productType = "com.apple.product-type.library.static";
		};
		66268492172F25C400283577 /* MarkdownCatalog */ = {
			isa = PBXNativeTarget;
			buildConfigurationList = 662684AA172F25C500283577 /* Build configuration list for PBXNativeTarget "MarkdownCatalog" */;
			buildPhases = (
				6626848F172F25C400283577 /* Sources */,
				66268490172F25C400283577 /* Frameworks */,
				66268491172F25C400283577 /* Resources */,
			);
			buildRules = (
			);
			dependencies = (
				662684AE172F25CF00283577 /* PBXTargetDependency */,
			);
			name = MarkdownCatalog;
			productName = MarkdownCatalog;
			productReference = 66268493172F25C400283577 /* MarkdownCatalog.app */;
			productType = "com.apple.product-type.application";
		};
/* End PBXNativeTarget section */

/* Begin PBXProject section */
		66AB04981596EA9600806DC4 /* Project object */ = {
			isa = PBXProject;
			attributes = {
				LastUpgradeCheck = 0460;
				ORGANIZATIONNAME = JeffVerkoeyen;
			};
			buildConfigurationList = 66AB049B1596EA9600806DC4 /* Build configuration list for PBXProject "MarkdownAttributedString" */;
			compatibilityVersion = "Xcode 3.2";
			developmentRegion = English;
			hasScannedForEncodings = 0;
			knownRegions = (
				en,
			);
			mainGroup = 66AB04961596EA9600806DC4;
			productRefGroup = 66AB04A21596EA9600806DC4 /* Products */;
			projectDirPath = "";
			projectRoot = "";
			targets = (
				66268462172F22B500283577 /* NSAttributedStringMarkdownParser */,
				66268492172F25C400283577 /* MarkdownCatalog */,
				66AB04F11596EC4A00806DC4 /* Markdown Grammar */,
			);
		};
/* End PBXProject section */

/* Begin PBXResourcesBuildPhase section */
		66268491172F25C400283577 /* Resources */ = {
			isa = PBXResourcesBuildPhase;
			buildActionMask = 2147483647;
			files = (
				6626849D172F25C400283577 /* InfoPlist.strings in Resources */,
				662684A5172F25C500283577 /* Default.png in Resources */,
				662684A7172F25C500283577 /* Default@2x.png in Resources */,
				662684A9172F25C500283577 /* Default-568h@2x.png in Resources */,
			);
			runOnlyForDeploymentPostprocessing = 0;
		};
/* End PBXResourcesBuildPhase section */

/* Begin PBXSourcesBuildPhase section */
		6626845F172F22B500283577 /* Sources */ = {
			isa = PBXSourcesBuildPhase;
			buildActionMask = 2147483647;
			files = (
				66268487172F22C400283577 /* NSAttributedStringMarkdownParser.m in Sources */,
				66268488172F22C400283577 /* MarkdownTokenizer.m in Sources */,
				66268489172F22C400283577 /* MarkdownTokens.m in Sources */,
				6626848A172F22C400283577 /* fmemopen.c in Sources */,
			);
			runOnlyForDeploymentPostprocessing = 0;
		};
		6626848F172F25C400283577 /* Sources */ = {
			isa = PBXSourcesBuildPhase;
			buildActionMask = 2147483647;
			files = (
				6626849F172F25C400283577 /* main.m in Sources */,
				662684A3172F25C400283577 /* AppDelegate.m in Sources */,
				662684E5172F271900283577 /* NIActions.m in Sources */,
				662684E6172F271900283577 /* NIButtonUtilities.m in Sources */,
				662684E7172F271900283577 /* NICommonMetrics.m in Sources */,
				662684E8172F271900283577 /* NIDataStructures.m in Sources */,
				662684E9172F271900283577 /* NIDebuggingTools.m in Sources */,
				662684EA172F271900283577 /* NIDeviceOrientation.m in Sources */,
				662684EB172F271900283577 /* NIError.m in Sources */,
				662684EC172F271900283577 /* NIFoundationMethods.m in Sources */,
				662684ED172F271900283577 /* NIImageUtilities.m in Sources */,
				662684EE172F271900283577 /* NIInMemoryCache.m in Sources */,
				662684EF172F271900283577 /* NIInvocationMethods.m in Sources */,
				662684F0172F271900283577 /* NINavigationAppearance.m in Sources */,
				662684F1172F271900283577 /* NINetworkActivity.m in Sources */,
				662684F2172F271900283577 /* NINonEmptyCollectionTesting.m in Sources */,
				662684F3172F271900283577 /* NINonRetainingCollections.m in Sources */,
				662684F4172F271900283577 /* NIOperations.m in Sources */,
				662684F5172F271900283577 /* NIPaths.m in Sources */,
				662684F6172F271900283577 /* NIRuntimeClassModifications.m in Sources */,
				662684F7172F271900283577 /* NISDKAvailability.m in Sources */,
				662684F8172F271900283577 /* NISnapshotRotation.m in Sources */,
				662684F9172F271900283577 /* NIState.m in Sources */,
				662684FA172F271900283577 /* NIViewRecycler.m in Sources */,
				662684FB172F271900283577 /* NSString+NimbusCore.m in Sources */,
				66268502172F273000283577 /* NIAttributedLabel.m in Sources */,
				66268503172F273000283577 /* NSMutableAttributedString+NimbusAttributedLabel.m in Sources */,
				6626851B172F276500283577 /* NICellBackgrounds.m in Sources */,
				6626851C172F276500283577 /* NICellCatalog.m in Sources */,
				6626851D172F276500283577 /* NICellFactory.m in Sources */,
				6626851E172F276500283577 /* NIFormCellCatalog.m in Sources */,
				6626851F172F276500283577 /* NIMutableTableViewModel.m in Sources */,
				66268520172F276500283577 /* NIRadioGroup.m in Sources */,
				66268521172F276500283577 /* NIRadioGroupController.m in Sources */,
				66268522172F276500283577 /* NITableViewActions.m in Sources */,
				66268523172F276500283577 /* NITableViewModel.m in Sources */,
				66FE975E172F48DE006602B4 /* CatalogViewController.m in Sources */,
				66FE9762172F49EA006602B4 /* EmphasisViewController.m in Sources */,
				66FE9765172F4CED006602B4 /* HeadersViewController.m in Sources */,
				66FE9768172F4DEA006602B4 /* LinksViewController.m in Sources */,
				9B68470D172FDE5E007AB239 /* ParagraphsViewController.m in Sources */,
				9B376A2E174B699000879427 /* ComplexViewController.m in Sources */,
			);
			runOnlyForDeploymentPostprocessing = 0;
		};
/* End PBXSourcesBuildPhase section */

/* Begin PBXTargetDependency section */
		6626848E172F23E100283577 /* PBXTargetDependency */ = {
			isa = PBXTargetDependency;
			target = 66AB04F11596EC4A00806DC4 /* Markdown Grammar */;
			targetProxy = 6626848D172F23E100283577 /* PBXContainerItemProxy */;
		};
		662684AE172F25CF00283577 /* PBXTargetDependency */ = {
			isa = PBXTargetDependency;
			target = 66268462172F22B500283577 /* NSAttributedStringMarkdownParser */;
			targetProxy = 662684AD172F25CF00283577 /* PBXContainerItemProxy */;
		};
/* End PBXTargetDependency section */

/* Begin PBXVariantGroup section */
		6626849B172F25C400283577 /* InfoPlist.strings */ = {
			isa = PBXVariantGroup;
			children = (
				6626849C172F25C400283577 /* en */,
			);
			name = InfoPlist.strings;
			sourceTree = "<group>";
		};
/* End PBXVariantGroup section */

/* Begin XCBuildConfiguration section */
		66268482172F22B500283577 /* Debug */ = {
			isa = XCBuildConfiguration;
			buildSettings = {
				CLANG_CXX_LIBRARY = "libc++";
				CLANG_WARN_CONSTANT_CONVERSION = YES;
				CLANG_WARN_EMPTY_BODY = YES;
				CLANG_WARN_ENUM_CONVERSION = YES;
				CLANG_WARN_INT_CONVERSION = YES;
				DSTROOT = /tmp/NSAttributedStringMarkdownParser.dst;
				GCC_PRECOMPILE_PREFIX_HEADER = YES;
				GCC_WARN_MULTIPLE_DEFINITION_TYPES_FOR_SELECTOR = YES;
				GCC_WARN_STRICT_SELECTOR_MATCH = YES;
				GCC_WARN_UNDECLARED_SELECTOR = YES;
				IPHONEOS_DEPLOYMENT_TARGET = 6.1;
				ONLY_ACTIVE_ARCH = YES;
				OTHER_LDFLAGS = "-ObjC";
				PRODUCT_NAME = "$(TARGET_NAME)";
				SKIP_INSTALL = YES;
			};
			name = Debug;
		};
		66268483172F22B500283577 /* Release */ = {
			isa = XCBuildConfiguration;
			buildSettings = {
				CLANG_CXX_LIBRARY = "libc++";
				CLANG_WARN_CONSTANT_CONVERSION = YES;
				CLANG_WARN_EMPTY_BODY = YES;
				CLANG_WARN_ENUM_CONVERSION = YES;
				CLANG_WARN_INT_CONVERSION = YES;
				DSTROOT = /tmp/NSAttributedStringMarkdownParser.dst;
				GCC_PRECOMPILE_PREFIX_HEADER = YES;
				GCC_WARN_MULTIPLE_DEFINITION_TYPES_FOR_SELECTOR = YES;
				GCC_WARN_STRICT_SELECTOR_MATCH = YES;
				GCC_WARN_UNDECLARED_SELECTOR = YES;
				IPHONEOS_DEPLOYMENT_TARGET = 6.1;
				OTHER_LDFLAGS = "-ObjC";
				PRODUCT_NAME = "$(TARGET_NAME)";
				SKIP_INSTALL = YES;
			};
			name = Release;
		};
		662684AB172F25C500283577 /* Debug */ = {
			isa = XCBuildConfiguration;
			buildSettings = {
				CLANG_CXX_LIBRARY = "libc++";
				CLANG_WARN_CONSTANT_CONVERSION = YES;
				CLANG_WARN_EMPTY_BODY = YES;
				CLANG_WARN_ENUM_CONVERSION = YES;
				CLANG_WARN_INT_CONVERSION = YES;
				"CODE_SIGN_IDENTITY[sdk=iphoneos*]" = "iPhone Developer";
				GCC_PRECOMPILE_PREFIX_HEADER = YES;
				GCC_PREFIX_HEADER = "MarkdownCatalog/MarkdownCatalog-Prefix.pch";
				INFOPLIST_FILE = "MarkdownCatalog/MarkdownCatalog-Info.plist";
				IPHONEOS_DEPLOYMENT_TARGET = 6.1;
				ONLY_ACTIVE_ARCH = YES;
				PRODUCT_NAME = "$(TARGET_NAME)";
				TARGETED_DEVICE_FAMILY = "1,2";
				WRAPPER_EXTENSION = app;
			};
			name = Debug;
		};
		662684AC172F25C500283577 /* Release */ = {
			isa = XCBuildConfiguration;
			buildSettings = {
				CLANG_CXX_LIBRARY = "libc++";
				CLANG_WARN_CONSTANT_CONVERSION = YES;
				CLANG_WARN_EMPTY_BODY = YES;
				CLANG_WARN_ENUM_CONVERSION = YES;
				CLANG_WARN_INT_CONVERSION = YES;
				"CODE_SIGN_IDENTITY[sdk=iphoneos*]" = "iPhone Developer";
				GCC_PRECOMPILE_PREFIX_HEADER = YES;
				GCC_PREFIX_HEADER = "MarkdownCatalog/MarkdownCatalog-Prefix.pch";
				INFOPLIST_FILE = "MarkdownCatalog/MarkdownCatalog-Info.plist";
				IPHONEOS_DEPLOYMENT_TARGET = 6.1;
				OTHER_CFLAGS = "-DNS_BLOCK_ASSERTIONS=1";
				PRODUCT_NAME = "$(TARGET_NAME)";
				TARGETED_DEVICE_FAMILY = "1,2";
				WRAPPER_EXTENSION = app;
			};
			name = Release;
		};
		66AB04C41596EA9600806DC4 /* Debug */ = {
			isa = XCBuildConfiguration;
			buildSettings = {
				ALWAYS_SEARCH_USER_PATHS = NO;
				CLANG_CXX_LANGUAGE_STANDARD = "gnu++0x";
				CLANG_ENABLE_OBJC_ARC = YES;
				CLANG_WARN__DUPLICATE_METHOD_MATCH = YES;
				COPY_PHASE_STRIP = NO;
				GCC_C_LANGUAGE_STANDARD = gnu99;
				GCC_DYNAMIC_NO_PIC = NO;
				GCC_OPTIMIZATION_LEVEL = 0;
				GCC_PREFIX_HEADER = Prefix.pch;
				GCC_PREPROCESSOR_DEFINITIONS = (
					"DEBUG=1",
					"$(inherited)",
				);
				GCC_SYMBOLS_PRIVATE_EXTERN = NO;
				GCC_WARN_ABOUT_RETURN_TYPE = YES;
				GCC_WARN_UNINITIALIZED_AUTOS = YES;
				GCC_WARN_UNUSED_VARIABLE = YES;
				IPHONEOS_DEPLOYMENT_TARGET = 6.0;
				SDKROOT = iphoneos;
			};
			name = Debug;
		};
		66AB04C51596EA9600806DC4 /* Release */ = {
			isa = XCBuildConfiguration;
			buildSettings = {
				ALWAYS_SEARCH_USER_PATHS = NO;
				CLANG_CXX_LANGUAGE_STANDARD = "gnu++0x";
				CLANG_ENABLE_OBJC_ARC = YES;
				CLANG_WARN__DUPLICATE_METHOD_MATCH = YES;
				COPY_PHASE_STRIP = YES;
				GCC_C_LANGUAGE_STANDARD = gnu99;
				GCC_PREFIX_HEADER = Prefix.pch;
				GCC_WARN_ABOUT_RETURN_TYPE = YES;
				GCC_WARN_UNINITIALIZED_AUTOS = YES;
				GCC_WARN_UNUSED_VARIABLE = YES;
				IPHONEOS_DEPLOYMENT_TARGET = 6.0;
				SDKROOT = iphoneos;
				VALIDATE_PRODUCT = YES;
			};
			name = Release;
		};
		66AB04F31596EC4A00806DC4 /* Debug */ = {
			isa = XCBuildConfiguration;
			buildSettings = {
				ARCHS = "$(ARCHS_STANDARD_64_BIT)";
				COMBINE_HIDPI_IMAGES = YES;
				DEBUGGING_SYMBOLS = YES;
				GCC_ENABLE_OBJC_EXCEPTIONS = YES;
				GCC_GENERATE_DEBUGGING_SYMBOLS = YES;
				GCC_OPTIMIZATION_LEVEL = 0;
				GCC_WARN_64_TO_32_BIT_CONVERSION = YES;
				MACOSX_DEPLOYMENT_TARGET = 10.8;
				ONLY_ACTIVE_ARCH = YES;
				OTHER_CFLAGS = "";
				OTHER_LDFLAGS = "";
				PRODUCT_NAME = "$(TARGET_NAME)";
				SDKROOT = macosx;
			};
			name = Debug;
		};
		66AB04F41596EC4A00806DC4 /* Release */ = {
			isa = XCBuildConfiguration;
			buildSettings = {
				ARCHS = "$(ARCHS_STANDARD_64_BIT)";
				COMBINE_HIDPI_IMAGES = YES;
				DEBUG_INFORMATION_FORMAT = "dwarf-with-dsym";
				GCC_ENABLE_OBJC_EXCEPTIONS = YES;
				GCC_WARN_64_TO_32_BIT_CONVERSION = YES;
				MACOSX_DEPLOYMENT_TARGET = 10.8;
				OTHER_CFLAGS = "";
				OTHER_LDFLAGS = "";
				PRODUCT_NAME = "$(TARGET_NAME)";
				SDKROOT = macosx;
			};
			name = Release;
		};
/* End XCBuildConfiguration section */

/* Begin XCConfigurationList section */
		66268481172F22B500283577 /* Build configuration list for PBXNativeTarget "NSAttributedStringMarkdownParser" */ = {
			isa = XCConfigurationList;
			buildConfigurations = (
				66268482172F22B500283577 /* Debug */,
				66268483172F22B500283577 /* Release */,
			);
			defaultConfigurationIsVisible = 0;
			defaultConfigurationName = Release;
		};
		662684AA172F25C500283577 /* Build configuration list for PBXNativeTarget "MarkdownCatalog" */ = {
			isa = XCConfigurationList;
			buildConfigurations = (
				662684AB172F25C500283577 /* Debug */,
				662684AC172F25C500283577 /* Release */,
			);
			defaultConfigurationIsVisible = 0;
			defaultConfigurationName = Release;
		};
		66AB049B1596EA9600806DC4 /* Build configuration list for PBXProject "MarkdownAttributedString" */ = {
			isa = XCConfigurationList;
			buildConfigurations = (
				66AB04C41596EA9600806DC4 /* Debug */,
				66AB04C51596EA9600806DC4 /* Release */,
			);
			defaultConfigurationIsVisible = 0;
			defaultConfigurationName = Release;
		};
		66AB04F21596EC4A00806DC4 /* Build configuration list for PBXLegacyTarget "Markdown Grammar" */ = {
			isa = XCConfigurationList;
			buildConfigurations = (
				66AB04F31596EC4A00806DC4 /* Debug */,
				66AB04F41596EC4A00806DC4 /* Release */,
			);
			defaultConfigurationIsVisible = 0;
			defaultConfigurationName = Release;
		};
/* End XCConfigurationList section */
	};
	rootObject = 66AB04981596EA9600806DC4 /* Project object */;
}
