// !$*UTF8*$!
{
	archiveVersion = 1;
	classes = {
	};
	objectVersion = 46;
	objects = {

/* Begin PBXBuildFile section */
		66AB04A51596EA9600806DC4 /* Foundation.framework in Frameworks */ = {isa = PBXBuildFile; fileRef = 66AB04A41596EA9600806DC4 /* Foundation.framework */; };
		66AB04AA1596EA9600806DC4 /* MarkdownAttributedString.h in CopyFiles */ = {isa = PBXBuildFile; fileRef = 66AB04A91596EA9600806DC4 /* MarkdownAttributedString.h */; };
		66AB04AC1596EA9600806DC4 /* MarkdownAttributedString.m in Sources */ = {isa = PBXBuildFile; fileRef = 66AB04AB1596EA9600806DC4 /* MarkdownAttributedString.m */; };
		66AB04B41596EA9600806DC4 /* SenTestingKit.framework in Frameworks */ = {isa = PBXBuildFile; fileRef = 66AB04B31596EA9600806DC4 /* SenTestingKit.framework */; };
		66AB04B61596EA9600806DC4 /* UIKit.framework in Frameworks */ = {isa = PBXBuildFile; fileRef = 66AB04B51596EA9600806DC4 /* UIKit.framework */; };
		66AB04B71596EA9600806DC4 /* Foundation.framework in Frameworks */ = {isa = PBXBuildFile; fileRef = 66AB04A41596EA9600806DC4 /* Foundation.framework */; };
		66AB04BA1596EA9600806DC4 /* libMarkdownAttributedString.a in Frameworks */ = {isa = PBXBuildFile; fileRef = 66AB04A11596EA9600806DC4 /* libMarkdownAttributedString.a */; };
		66AB04C01596EA9600806DC4 /* InfoPlist.strings in Resources */ = {isa = PBXBuildFile; fileRef = 66AB04BE1596EA9600806DC4 /* InfoPlist.strings */; };
		66AB04C31596EA9600806DC4 /* MarkdownAttributedStringTests.m in Sources */ = {isa = PBXBuildFile; fileRef = 66AB04C21596EA9600806DC4 /* MarkdownAttributedStringTests.m */; };
/* End PBXBuildFile section */

/* Begin PBXContainerItemProxy section */
		66AB04B81596EA9600806DC4 /* PBXContainerItemProxy */ = {
			isa = PBXContainerItemProxy;
			containerPortal = 66AB04981596EA9600806DC4 /* Project object */;
			proxyType = 1;
			remoteGlobalIDString = 66AB04A01596EA9600806DC4;
			remoteInfo = MarkdownAttributedString;
		};
/* End PBXContainerItemProxy section */

/* Begin PBXCopyFilesBuildPhase section */
		66AB049F1596EA9600806DC4 /* CopyFiles */ = {
			isa = PBXCopyFilesBuildPhase;
			buildActionMask = 2147483647;
			dstPath = "include/${PRODUCT_NAME}";
			dstSubfolderSpec = 16;
			files = (
				66AB04AA1596EA9600806DC4 /* MarkdownAttributedString.h in CopyFiles */,
			);
			runOnlyForDeploymentPostprocessing = 0;
		};
/* End PBXCopyFilesBuildPhase section */

/* Begin PBXFileReference section */
		66AB04A11596EA9600806DC4 /* libMarkdownAttributedString.a */ = {isa = PBXFileReference; explicitFileType = archive.ar; includeInIndex = 0; path = libMarkdownAttributedString.a; sourceTree = BUILT_PRODUCTS_DIR; };
		66AB04A41596EA9600806DC4 /* Foundation.framework */ = {isa = PBXFileReference; lastKnownFileType = wrapper.framework; name = Foundation.framework; path = System/Library/Frameworks/Foundation.framework; sourceTree = SDKROOT; };
		66AB04A81596EA9600806DC4 /* MarkdownAttributedString-Prefix.pch */ = {isa = PBXFileReference; lastKnownFileType = sourcecode.c.h; name = "MarkdownAttributedString-Prefix.pch"; path = "MarkdownAttributedString/MarkdownAttributedString-Prefix.pch"; sourceTree = "<group>"; };
		66AB04A91596EA9600806DC4 /* MarkdownAttributedString.h */ = {isa = PBXFileReference; lastKnownFileType = sourcecode.c.h; path = MarkdownAttributedString.h; sourceTree = "<group>"; };
		66AB04AB1596EA9600806DC4 /* MarkdownAttributedString.m */ = {isa = PBXFileReference; lastKnownFileType = sourcecode.c.objc; path = MarkdownAttributedString.m; sourceTree = "<group>"; };
		66AB04B21596EA9600806DC4 /* MarkdownAttributedStringTests.octest */ = {isa = PBXFileReference; explicitFileType = wrapper.cfbundle; includeInIndex = 0; path = MarkdownAttributedStringTests.octest; sourceTree = BUILT_PRODUCTS_DIR; };
		66AB04B31596EA9600806DC4 /* SenTestingKit.framework */ = {isa = PBXFileReference; lastKnownFileType = wrapper.framework; name = SenTestingKit.framework; path = Library/Frameworks/SenTestingKit.framework; sourceTree = DEVELOPER_DIR; };
		66AB04B51596EA9600806DC4 /* UIKit.framework */ = {isa = PBXFileReference; lastKnownFileType = wrapper.framework; name = UIKit.framework; path = Library/Frameworks/UIKit.framework; sourceTree = DEVELOPER_DIR; };
		66AB04BD1596EA9600806DC4 /* MarkdownAttributedStringTests-Info.plist */ = {isa = PBXFileReference; lastKnownFileType = text.plist.xml; path = "MarkdownAttributedStringTests-Info.plist"; sourceTree = "<group>"; };
		66AB04BF1596EA9600806DC4 /* en */ = {isa = PBXFileReference; lastKnownFileType = text.plist.strings; name = en; path = en.lproj/InfoPlist.strings; sourceTree = "<group>"; };
		66AB04C21596EA9600806DC4 /* MarkdownAttributedStringTests.m */ = {isa = PBXFileReference; lastKnownFileType = sourcecode.c.objc; path = MarkdownAttributedStringTests.m; sourceTree = "<group>"; };
/* End PBXFileReference section */

/* Begin PBXFrameworksBuildPhase section */
		66AB049E1596EA9600806DC4 /* Frameworks */ = {
			isa = PBXFrameworksBuildPhase;
			buildActionMask = 2147483647;
			files = (
				66AB04A51596EA9600806DC4 /* Foundation.framework in Frameworks */,
			);
			runOnlyForDeploymentPostprocessing = 0;
		};
		66AB04AE1596EA9600806DC4 /* Frameworks */ = {
			isa = PBXFrameworksBuildPhase;
			buildActionMask = 2147483647;
			files = (
				66AB04B41596EA9600806DC4 /* SenTestingKit.framework in Frameworks */,
				66AB04B61596EA9600806DC4 /* UIKit.framework in Frameworks */,
				66AB04B71596EA9600806DC4 /* Foundation.framework in Frameworks */,
				66AB04BA1596EA9600806DC4 /* libMarkdownAttributedString.a in Frameworks */,
			);
			runOnlyForDeploymentPostprocessing = 0;
		};
/* End PBXFrameworksBuildPhase section */

/* Begin PBXGroup section */
		66AB04961596EA9600806DC4 = {
			isa = PBXGroup;
			children = (
				66AB04A81596EA9600806DC4 /* MarkdownAttributedString-Prefix.pch */,
				66AB04A61596EA9600806DC4 /* MarkdownAttributedString */,
				66AB04BB1596EA9600806DC4 /* MarkdownAttributedStringTests */,
				66AB04A31596EA9600806DC4 /* Frameworks */,
				66AB04A21596EA9600806DC4 /* Products */,
			);
			sourceTree = "<group>";
		};
		66AB04A21596EA9600806DC4 /* Products */ = {
			isa = PBXGroup;
			children = (
				66AB04A11596EA9600806DC4 /* libMarkdownAttributedString.a */,
				66AB04B21596EA9600806DC4 /* MarkdownAttributedStringTests.octest */,
			);
			name = Products;
			sourceTree = "<group>";
		};
		66AB04A31596EA9600806DC4 /* Frameworks */ = {
			isa = PBXGroup;
			children = (
				66AB04A41596EA9600806DC4 /* Foundation.framework */,
				66AB04B31596EA9600806DC4 /* SenTestingKit.framework */,
				66AB04B51596EA9600806DC4 /* UIKit.framework */,
			);
			name = Frameworks;
			sourceTree = "<group>";
		};
		66AB04A61596EA9600806DC4 /* MarkdownAttributedString */ = {
			isa = PBXGroup;
			children = (
				66AB04A91596EA9600806DC4 /* MarkdownAttributedString.h */,
				66AB04AB1596EA9600806DC4 /* MarkdownAttributedString.m */,
			);
			path = MarkdownAttributedString;
			sourceTree = "<group>";
		};
		66AB04BB1596EA9600806DC4 /* MarkdownAttributedStringTests */ = {
			isa = PBXGroup;
			children = (
				66AB04C21596EA9600806DC4 /* MarkdownAttributedStringTests.m */,
				66AB04BD1596EA9600806DC4 /* MarkdownAttributedStringTests-Info.plist */,
				66AB04BE1596EA9600806DC4 /* InfoPlist.strings */,
			);
			path = MarkdownAttributedStringTests;
			sourceTree = "<group>";
		};
/* End PBXGroup section */

/* Begin PBXNativeTarget section */
		66AB04A01596EA9600806DC4 /* MarkdownAttributedString */ = {
			isa = PBXNativeTarget;
			buildConfigurationList = 66AB04C61596EA9600806DC4 /* Build configuration list for PBXNativeTarget "MarkdownAttributedString" */;
			buildPhases = (
				66AB049D1596EA9600806DC4 /* Sources */,
				66AB049E1596EA9600806DC4 /* Frameworks */,
				66AB049F1596EA9600806DC4 /* CopyFiles */,
			);
			buildRules = (
			);
			dependencies = (
			);
			name = MarkdownAttributedString;
			productName = MarkdownAttributedString;
			productReference = 66AB04A11596EA9600806DC4 /* libMarkdownAttributedString.a */;
			productType = "com.apple.product-type.library.static";
		};
		66AB04B11596EA9600806DC4 /* MarkdownAttributedStringTests */ = {
			isa = PBXNativeTarget;
			buildConfigurationList = 66AB04C91596EA9600806DC4 /* Build configuration list for PBXNativeTarget "MarkdownAttributedStringTests" */;
			buildPhases = (
				66AB04AD1596EA9600806DC4 /* Sources */,
				66AB04AE1596EA9600806DC4 /* Frameworks */,
				66AB04AF1596EA9600806DC4 /* Resources */,
				66AB04B01596EA9600806DC4 /* ShellScript */,
			);
			buildRules = (
			);
			dependencies = (
				66AB04B91596EA9600806DC4 /* PBXTargetDependency */,
			);
			name = MarkdownAttributedStringTests;
			productName = MarkdownAttributedStringTests;
			productReference = 66AB04B21596EA9600806DC4 /* MarkdownAttributedStringTests.octest */;
			productType = "com.apple.product-type.bundle";
		};
/* End PBXNativeTarget section */

/* Begin PBXProject section */
		66AB04981596EA9600806DC4 /* Project object */ = {
			isa = PBXProject;
			attributes = {
				LastUpgradeCheck = 0450;
				ORGANIZATIONNAME = JeffVerkoeyen;
			};
			buildConfigurationList = 66AB049B1596EA9600806DC4 /* Build configuration list for PBXProject "MarkdownAttributedString" */;
			compatibilityVersion = "Xcode 3.2";
			developmentRegion = English;
			hasScannedForEncodings = 0;
			knownRegions = (
				en,
			);
			mainGroup = 66AB04961596EA9600806DC4;
			productRefGroup = 66AB04A21596EA9600806DC4 /* Products */;
			projectDirPath = "";
			projectRoot = "";
			targets = (
				66AB04A01596EA9600806DC4 /* MarkdownAttributedString */,
				66AB04B11596EA9600806DC4 /* MarkdownAttributedStringTests */,
			);
		};
/* End PBXProject section */

/* Begin PBXResourcesBuildPhase section */
		66AB04AF1596EA9600806DC4 /* Resources */ = {
			isa = PBXResourcesBuildPhase;
			buildActionMask = 2147483647;
			files = (
				66AB04C01596EA9600806DC4 /* InfoPlist.strings in Resources */,
			);
			runOnlyForDeploymentPostprocessing = 0;
		};
/* End PBXResourcesBuildPhase section */

/* Begin PBXShellScriptBuildPhase section */
		66AB04B01596EA9600806DC4 /* ShellScript */ = {
			isa = PBXShellScriptBuildPhase;
			buildActionMask = 2147483647;
			files = (
			);
			inputPaths = (
			);
			outputPaths = (
			);
			runOnlyForDeploymentPostprocessing = 0;
			shellPath = /bin/sh;
			shellScript = "# Run the unit tests in this test bundle.\n\"${SYSTEM_DEVELOPER_DIR}/Tools/RunUnitTests\"\n";
		};
/* End PBXShellScriptBuildPhase section */

/* Begin PBXSourcesBuildPhase section */
		66AB049D1596EA9600806DC4 /* Sources */ = {
			isa = PBXSourcesBuildPhase;
			buildActionMask = 2147483647;
			files = (
				66AB04AC1596EA9600806DC4 /* MarkdownAttributedString.m in Sources */,
			);
			runOnlyForDeploymentPostprocessing = 0;
		};
		66AB04AD1596EA9600806DC4 /* Sources */ = {
			isa = PBXSourcesBuildPhase;
			buildActionMask = 2147483647;
			files = (
				66AB04C31596EA9600806DC4 /* MarkdownAttributedStringTests.m in Sources */,
			);
			runOnlyForDeploymentPostprocessing = 0;
		};
/* End PBXSourcesBuildPhase section */

/* Begin PBXTargetDependency section */
		66AB04B91596EA9600806DC4 /* PBXTargetDependency */ = {
			isa = PBXTargetDependency;
			target = 66AB04A01596EA9600806DC4 /* MarkdownAttributedString */;
			targetProxy = 66AB04B81596EA9600806DC4 /* PBXContainerItemProxy */;
		};
/* End PBXTargetDependency section */

/* Begin PBXVariantGroup section */
		66AB04BE1596EA9600806DC4 /* InfoPlist.strings */ = {
			isa = PBXVariantGroup;
			children = (
				66AB04BF1596EA9600806DC4 /* en */,
			);
			name = InfoPlist.strings;
			sourceTree = "<group>";
		};
/* End PBXVariantGroup section */

/* Begin XCBuildConfiguration section */
		66AB04C41596EA9600806DC4 /* Debug */ = {
			isa = XCBuildConfiguration;
			buildSettings = {
				ALWAYS_SEARCH_USER_PATHS = NO;
				CLANG_CXX_LANGUAGE_STANDARD = "gnu++0x";
				CLANG_ENABLE_OBJC_ARC = YES;
				CLANG_WARN__DUPLICATE_METHOD_MATCH = YES;
				COPY_PHASE_STRIP = NO;
				GCC_C_LANGUAGE_STANDARD = gnu99;
				GCC_DYNAMIC_NO_PIC = NO;
				GCC_OPTIMIZATION_LEVEL = 0;
				GCC_PREPROCESSOR_DEFINITIONS = (
					"DEBUG=1",
					"$(inherited)",
				);
				GCC_SYMBOLS_PRIVATE_EXTERN = NO;
				GCC_WARN_ABOUT_RETURN_TYPE = YES;
				GCC_WARN_UNINITIALIZED_AUTOS = YES;
				GCC_WARN_UNUSED_VARIABLE = YES;
				IPHONEOS_DEPLOYMENT_TARGET = 6.0;
				SDKROOT = iphoneos;
			};
			name = Debug;
		};
		66AB04C51596EA9600806DC4 /* Release */ = {
			isa = XCBuildConfiguration;
			buildSettings = {
				ALWAYS_SEARCH_USER_PATHS = NO;
				CLANG_CXX_LANGUAGE_STANDARD = "gnu++0x";
				CLANG_ENABLE_OBJC_ARC = YES;
				CLANG_WARN__DUPLICATE_METHOD_MATCH = YES;
				COPY_PHASE_STRIP = YES;
				GCC_C_LANGUAGE_STANDARD = gnu99;
				GCC_WARN_ABOUT_RETURN_TYPE = YES;
				GCC_WARN_UNINITIALIZED_AUTOS = YES;
				GCC_WARN_UNUSED_VARIABLE = YES;
				IPHONEOS_DEPLOYMENT_TARGET = 6.0;
				SDKROOT = iphoneos;
				VALIDATE_PRODUCT = YES;
			};
			name = Release;
		};
		66AB04C71596EA9600806DC4 /* Debug */ = {
			isa = XCBuildConfiguration;
			buildSettings = {
				DSTROOT = /tmp/MarkdownAttributedString.dst;
				GCC_PRECOMPILE_PREFIX_HEADER = YES;
				GCC_PREFIX_HEADER = "MarkdownAttributedString/MarkdownAttributedString-Prefix.pch";
				OTHER_LDFLAGS = "-ObjC";
				PRODUCT_NAME = "$(TARGET_NAME)";
				SKIP_INSTALL = YES;
			};
			name = Debug;
		};
		66AB04C81596EA9600806DC4 /* Release */ = {
			isa = XCBuildConfiguration;
			buildSettings = {
				DSTROOT = /tmp/MarkdownAttributedString.dst;
				GCC_PRECOMPILE_PREFIX_HEADER = YES;
				GCC_PREFIX_HEADER = "MarkdownAttributedString/MarkdownAttributedString-Prefix.pch";
				OTHER_LDFLAGS = "-ObjC";
				PRODUCT_NAME = "$(TARGET_NAME)";
				SKIP_INSTALL = YES;
			};
			name = Release;
		};
		66AB04CA1596EA9600806DC4 /* Debug */ = {
			isa = XCBuildConfiguration;
			buildSettings = {
				FRAMEWORK_SEARCH_PATHS = (
					"\"$(SDKROOT)/Developer/Library/Frameworks\"",
					"\"$(DEVELOPER_LIBRARY_DIR)/Frameworks\"",
				);
				GCC_PRECOMPILE_PREFIX_HEADER = YES;
				GCC_PREFIX_HEADER = "MarkdownAttributedString/MarkdownAttributedString-Prefix.pch";
				INFOPLIST_FILE = "MarkdownAttributedStringTests/MarkdownAttributedStringTests-Info.plist";
				PRODUCT_NAME = "$(TARGET_NAME)";
				WRAPPER_EXTENSION = octest;
			};
			name = Debug;
		};
		66AB04CB1596EA9600806DC4 /* Release */ = {
			isa = XCBuildConfiguration;
			buildSettings = {
				FRAMEWORK_SEARCH_PATHS = (
					"\"$(SDKROOT)/Developer/Library/Frameworks\"",
					"\"$(DEVELOPER_LIBRARY_DIR)/Frameworks\"",
				);
				GCC_PRECOMPILE_PREFIX_HEADER = YES;
				GCC_PREFIX_HEADER = "MarkdownAttributedString/MarkdownAttributedString-Prefix.pch";
				INFOPLIST_FILE = "MarkdownAttributedStringTests/MarkdownAttributedStringTests-Info.plist";
				PRODUCT_NAME = "$(TARGET_NAME)";
				WRAPPER_EXTENSION = octest;
			};
			name = Release;
		};
/* End XCBuildConfiguration section */

/* Begin XCConfigurationList section */
		66AB049B1596EA9600806DC4 /* Build configuration list for PBXProject "MarkdownAttributedString" */ = {
			isa = XCConfigurationList;
			buildConfigurations = (
				66AB04C41596EA9600806DC4 /* Debug */,
				66AB04C51596EA9600806DC4 /* Release */,
			);
			defaultConfigurationIsVisible = 0;
			defaultConfigurationName = Release;
		};
		66AB04C61596EA9600806DC4 /* Build configuration list for PBXNativeTarget "MarkdownAttributedString" */ = {
			isa = XCConfigurationList;
			buildConfigurations = (
				66AB04C71596EA9600806DC4 /* Debug */,
				66AB04C81596EA9600806DC4 /* Release */,
			);
			defaultConfigurationIsVisible = 0;
		};
		66AB04C91596EA9600806DC4 /* Build configuration list for PBXNativeTarget "MarkdownAttributedStringTests" */ = {
			isa = XCConfigurationList;
			buildConfigurations = (
				66AB04CA1596EA9600806DC4 /* Debug */,
				66AB04CB1596EA9600806DC4 /* Release */,
			);
			defaultConfigurationIsVisible = 0;
		};
/* End XCConfigurationList section */
	};
	rootObject = 66AB04981596EA9600806DC4 /* Project object */;
}
