// !$*UTF8*$!
{
	archiveVersion = 1;
	classes = {
	};
	objectVersion = 46;
	objects = {

/* Begin PBXBuildFile section */
		4FA1965C184F99D600E70A9E /* NIAttributedLabel.m in Sources */ = {isa = PBXBuildFile; fileRef = 4FA19658184F99D600E70A9E /* NIAttributedLabel.m */; };
		4FA1965D184F99D600E70A9E /* NSMutableAttributedString+NimbusAttributedLabel.m in Sources */ = {isa = PBXBuildFile; fileRef = 4FA1965B184F99D600E70A9E /* NSMutableAttributedString+NimbusAttributedLabel.m */; };
		4FA19691184F99EB00E70A9E /* NIActions.m in Sources */ = {isa = PBXBuildFile; fileRef = 4FA1965F184F99EB00E70A9E /* NIActions.m */; };
		4FA19692184F99EB00E70A9E /* NIButtonUtilities.m in Sources */ = {isa = PBXBuildFile; fileRef = 4FA19662184F99EB00E70A9E /* NIButtonUtilities.m */; };
		4FA19693184F99EB00E70A9E /* NICommonMetrics.m in Sources */ = {isa = PBXBuildFile; fileRef = 4FA19664184F99EB00E70A9E /* NICommonMetrics.m */; };
		4FA19694184F99EB00E70A9E /* NIDataStructures.m in Sources */ = {isa = PBXBuildFile; fileRef = 4FA19666184F99EB00E70A9E /* NIDataStructures.m */; };
		4FA19695184F99EB00E70A9E /* NIDebuggingTools.m in Sources */ = {isa = PBXBuildFile; fileRef = 4FA19668184F99EB00E70A9E /* NIDebuggingTools.m */; };
		4FA19696184F99EB00E70A9E /* NIDeviceOrientation.m in Sources */ = {isa = PBXBuildFile; fileRef = 4FA1966A184F99EB00E70A9E /* NIDeviceOrientation.m */; };
		4FA19697184F99EB00E70A9E /* NIError.m in Sources */ = {isa = PBXBuildFile; fileRef = 4FA1966C184F99EB00E70A9E /* NIError.m */; };
		4FA19698184F99EB00E70A9E /* NIFoundationMethods.m in Sources */ = {isa = PBXBuildFile; fileRef = 4FA1966E184F99EB00E70A9E /* NIFoundationMethods.m */; };
		4FA19699184F99EB00E70A9E /* NIImageUtilities.m in Sources */ = {isa = PBXBuildFile; fileRef = 4FA19670184F99EB00E70A9E /* NIImageUtilities.m */; };
		4FA1969A184F99EB00E70A9E /* NIInMemoryCache.m in Sources */ = {isa = PBXBuildFile; fileRef = 4FA19672184F99EB00E70A9E /* NIInMemoryCache.m */; };
		4FA1969B184F99EB00E70A9E /* NIInvocationMethods.m in Sources */ = {isa = PBXBuildFile; fileRef = 4FA19674184F99EB00E70A9E /* NIInvocationMethods.m */; };
		4FA1969C184F99EB00E70A9E /* NINavigationAppearance.m in Sources */ = {isa = PBXBuildFile; fileRef = 4FA19678184F99EB00E70A9E /* NINavigationAppearance.m */; };
		4FA1969D184F99EB00E70A9E /* NINetworkActivity.m in Sources */ = {isa = PBXBuildFile; fileRef = 4FA1967A184F99EB00E70A9E /* NINetworkActivity.m */; };
		4FA1969E184F99EB00E70A9E /* NINonEmptyCollectionTesting.m in Sources */ = {isa = PBXBuildFile; fileRef = 4FA1967C184F99EB00E70A9E /* NINonEmptyCollectionTesting.m */; };
		4FA1969F184F99EB00E70A9E /* NINonRetainingCollections.m in Sources */ = {isa = PBXBuildFile; fileRef = 4FA1967E184F99EB00E70A9E /* NINonRetainingCollections.m */; };
		4FA196A0184F99EB00E70A9E /* NIOperations.m in Sources */ = {isa = PBXBuildFile; fileRef = 4FA19680184F99EB00E70A9E /* NIOperations.m */; };
		4FA196A1184F99EB00E70A9E /* NIPaths.m in Sources */ = {isa = PBXBuildFile; fileRef = 4FA19683184F99EB00E70A9E /* NIPaths.m */; };
		4FA196A2184F99EB00E70A9E /* NIRuntimeClassModifications.m in Sources */ = {isa = PBXBuildFile; fileRef = 4FA19686184F99EB00E70A9E /* NIRuntimeClassModifications.m */; };
		4FA196A3184F99EB00E70A9E /* NISDKAvailability.m in Sources */ = {isa = PBXBuildFile; fileRef = 4FA19688184F99EB00E70A9E /* NISDKAvailability.m */; };
		4FA196A4184F99EB00E70A9E /* NISnapshotRotation.m in Sources */ = {isa = PBXBuildFile; fileRef = 4FA1968A184F99EB00E70A9E /* NISnapshotRotation.m */; };
		4FA196A5184F99EB00E70A9E /* NIState.m in Sources */ = {isa = PBXBuildFile; fileRef = 4FA1968C184F99EB00E70A9E /* NIState.m */; };
		4FA196A6184F99EB00E70A9E /* NIViewRecycler.m in Sources */ = {isa = PBXBuildFile; fileRef = 4FA1968E184F99EB00E70A9E /* NIViewRecycler.m */; };
		4FA196A7184F99EB00E70A9E /* NSString+NimbusCore.m in Sources */ = {isa = PBXBuildFile; fileRef = 4FA19690184F99EB00E70A9E /* NSString+NimbusCore.m */; };
		4FA196BD184F99FA00E70A9E /* NICellBackgrounds.m in Sources */ = {isa = PBXBuildFile; fileRef = 4FA196A9184F99FA00E70A9E /* NICellBackgrounds.m */; };
		4FA196BE184F99FA00E70A9E /* NICellCatalog.m in Sources */ = {isa = PBXBuildFile; fileRef = 4FA196AB184F99FA00E70A9E /* NICellCatalog.m */; };
		4FA196BF184F99FA00E70A9E /* NICellFactory.m in Sources */ = {isa = PBXBuildFile; fileRef = 4FA196AD184F99FA00E70A9E /* NICellFactory.m */; };
		4FA196C0184F99FA00E70A9E /* NIFormCellCatalog.m in Sources */ = {isa = PBXBuildFile; fileRef = 4FA196AF184F99FA00E70A9E /* NIFormCellCatalog.m */; };
		4FA196C1184F99FA00E70A9E /* NIMutableTableViewModel.m in Sources */ = {isa = PBXBuildFile; fileRef = 4FA196B2184F99FA00E70A9E /* NIMutableTableViewModel.m */; };
		4FA196C2184F99FA00E70A9E /* NIRadioGroup.m in Sources */ = {isa = PBXBuildFile; fileRef = 4FA196B5184F99FA00E70A9E /* NIRadioGroup.m */; };
		4FA196C3184F99FA00E70A9E /* NIRadioGroupController.m in Sources */ = {isa = PBXBuildFile; fileRef = 4FA196B7184F99FA00E70A9E /* NIRadioGroupController.m */; };
		4FA196C4184F99FA00E70A9E /* NITableViewActions.m in Sources */ = {isa = PBXBuildFile; fileRef = 4FA196B9184F99FA00E70A9E /* NITableViewActions.m */; };
		4FA196C5184F99FA00E70A9E /* NITableViewModel.m in Sources */ = {isa = PBXBuildFile; fileRef = 4FA196BB184F99FA00E70A9E /* NITableViewModel.m */; };
		66268464172F22B500283577 /* Foundation.framework in Frameworks */ = {isa = PBXBuildFile; fileRef = 66AB04A41596EA9600806DC4 /* Foundation.framework */; };
		66268487172F22C400283577 /* NSAttributedStringMarkdownParser.m in Sources */ = {isa = PBXBuildFile; fileRef = 66AB04F71596ECAF00806DC4 /* NSAttributedStringMarkdownParser.m */; };
		66268488172F22C400283577 /* MarkdownTokenizer.m in Sources */ = {isa = PBXBuildFile; fileRef = 66AB05061596EDA200806DC4 /* MarkdownTokenizer.m */; };
		66268489172F22C400283577 /* MarkdownTokens.m in Sources */ = {isa = PBXBuildFile; fileRef = 66AB05081596EDA200806DC4 /* MarkdownTokens.m */; };
		6626848A172F22C400283577 /* fmemopen.c in Sources */ = {isa = PBXBuildFile; fileRef = 6692F5011599068F00FA074E /* fmemopen.c */; };
		66268494172F25C400283577 /* UIKit.framework in Frameworks */ = {isa = PBXBuildFile; fileRef = 6626845D172F228300283577 /* UIKit.framework */; };
		66268495172F25C400283577 /* Foundation.framework in Frameworks */ = {isa = PBXBuildFile; fileRef = 66AB04A41596EA9600806DC4 /* Foundation.framework */; };
		66268497172F25C400283577 /* CoreGraphics.framework in Frameworks */ = {isa = PBXBuildFile; fileRef = 66268496172F25C400283577 /* CoreGraphics.framework */; };
		6626849D172F25C400283577 /* InfoPlist.strings in Resources */ = {isa = PBXBuildFile; fileRef = 6626849B172F25C400283577 /* InfoPlist.strings */; };
		6626849F172F25C400283577 /* main.m in Sources */ = {isa = PBXBuildFile; fileRef = 6626849E172F25C400283577 /* main.m */; };
		662684A3172F25C400283577 /* AppDelegate.m in Sources */ = {isa = PBXBuildFile; fileRef = 662684A2172F25C400283577 /* AppDelegate.m */; };
		662684A5172F25C500283577 /* Default.png in Resources */ = {isa = PBXBuildFile; fileRef = 662684A4172F25C500283577 /* Default.png */; };
		662684A7172F25C500283577 /* Default@2x.png in Resources */ = {isa = PBXBuildFile; fileRef = 662684A6172F25C500283577 /* Default@2x.png */; };
		662684A9172F25C500283577 /* Default-568h@2x.png in Resources */ = {isa = PBXBuildFile; fileRef = 662684A8172F25C500283577 /* Default-568h@2x.png */; };
		662684AF172F25D200283577 /* libNSAttributedStringMarkdownParser.a in Frameworks */ = {isa = PBXBuildFile; fileRef = 66268463172F22B500283577 /* libNSAttributedStringMarkdownParser.a */; };
		66268504172F273F00283577 /* CoreText.framework in Frameworks */ = {isa = PBXBuildFile; fileRef = 66AB052A1596FCC900806DC4 /* CoreText.framework */; };
		66FE975E172F48DE006602B4 /* CatalogViewController.m in Sources */ = {isa = PBXBuildFile; fileRef = 66FE975D172F48DE006602B4 /* CatalogViewController.m */; };
		66FE9762172F49EA006602B4 /* EmphasisViewController.m in Sources */ = {isa = PBXBuildFile; fileRef = 66FE9761172F49EA006602B4 /* EmphasisViewController.m */; };
		66FE9765172F4CED006602B4 /* HeadersViewController.m in Sources */ = {isa = PBXBuildFile; fileRef = 66FE9764172F4CED006602B4 /* HeadersViewController.m */; };
		66FE9768172F4DEA006602B4 /* LinksViewController.m in Sources */ = {isa = PBXBuildFile; fileRef = 66FE9767172F4DEA006602B4 /* LinksViewController.m */; };
/* End PBXBuildFile section */

/* Begin PBXContainerItemProxy section */
		6626848D172F23E100283577 /* PBXContainerItemProxy */ = {
			isa = PBXContainerItemProxy;
			containerPortal = 66AB04981596EA9600806DC4 /* Project object */;
			proxyType = 1;
			remoteGlobalIDString = 66AB04F11596EC4A00806DC4;
			remoteInfo = "Markdown Grammar";
		};
		662684AD172F25CF00283577 /* PBXContainerItemProxy */ = {
			isa = PBXContainerItemProxy;
			containerPortal = 66AB04981596EA9600806DC4 /* Project object */;
			proxyType = 1;
			remoteGlobalIDString = 66268462172F22B500283577;
			remoteInfo = NSAttributedStringMarkdownParser;
		};
/* End PBXContainerItemProxy section */

/* Begin PBXCopyFilesBuildPhase section */
		66268461172F22B500283577 /* CopyFiles */ = {
			isa = PBXCopyFilesBuildPhase;
			buildActionMask = 2147483647;
			dstPath = "include/${PRODUCT_NAME}";
			dstSubfolderSpec = 16;
			files = (
			);
			runOnlyForDeploymentPostprocessing = 0;
		};
/* End PBXCopyFilesBuildPhase section */

/* Begin PBXFileReference section */
		4FA19657184F99D600E70A9E /* NIAttributedLabel.h */ = {isa = PBXFileReference; fileEncoding = 4; lastKnownFileType = sourcecode.c.h; path = NIAttributedLabel.h; sourceTree = "<group>"; };
		4FA19658184F99D600E70A9E /* NIAttributedLabel.m */ = {isa = PBXFileReference; fileEncoding = 4; lastKnownFileType = sourcecode.c.objc; path = NIAttributedLabel.m; sourceTree = "<group>"; };
		4FA19659184F99D600E70A9E /* NimbusAttributedLabel.h */ = {isa = PBXFileReference; fileEncoding = 4; lastKnownFileType = sourcecode.c.h; path = NimbusAttributedLabel.h; sourceTree = "<group>"; };
		4FA1965A184F99D600E70A9E /* NSMutableAttributedString+NimbusAttributedLabel.h */ = {isa = PBXFileReference; fileEncoding = 4; lastKnownFileType = sourcecode.c.h; path = "NSMutableAttributedString+NimbusAttributedLabel.h"; sourceTree = "<group>"; };
		4FA1965B184F99D600E70A9E /* NSMutableAttributedString+NimbusAttributedLabel.m */ = {isa = PBXFileReference; fileEncoding = 4; lastKnownFileType = sourcecode.c.objc; path = "NSMutableAttributedString+NimbusAttributedLabel.m"; sourceTree = "<group>"; };
		4FA1965E184F99EB00E70A9E /* NIActions.h */ = {isa = PBXFileReference; fileEncoding = 4; lastKnownFileType = sourcecode.c.h; path = NIActions.h; sourceTree = "<group>"; };
		4FA1965F184F99EB00E70A9E /* NIActions.m */ = {isa = PBXFileReference; fileEncoding = 4; lastKnownFileType = sourcecode.c.objc; path = NIActions.m; sourceTree = "<group>"; };
		4FA19660184F99EB00E70A9E /* NIActions+Subclassing.h */ = {isa = PBXFileReference; fileEncoding = 4; lastKnownFileType = sourcecode.c.h; path = "NIActions+Subclassing.h"; sourceTree = "<group>"; };
		4FA19661184F99EB00E70A9E /* NIButtonUtilities.h */ = {isa = PBXFileReference; fileEncoding = 4; lastKnownFileType = sourcecode.c.h; path = NIButtonUtilities.h; sourceTree = "<group>"; };
		4FA19662184F99EB00E70A9E /* NIButtonUtilities.m */ = {isa = PBXFileReference; fileEncoding = 4; lastKnownFileType = sourcecode.c.objc; path = NIButtonUtilities.m; sourceTree = "<group>"; };
		4FA19663184F99EB00E70A9E /* NICommonMetrics.h */ = {isa = PBXFileReference; fileEncoding = 4; lastKnownFileType = sourcecode.c.h; path = NICommonMetrics.h; sourceTree = "<group>"; };
		4FA19664184F99EB00E70A9E /* NICommonMetrics.m */ = {isa = PBXFileReference; fileEncoding = 4; lastKnownFileType = sourcecode.c.objc; path = NICommonMetrics.m; sourceTree = "<group>"; };
		4FA19665184F99EB00E70A9E /* NIDataStructures.h */ = {isa = PBXFileReference; fileEncoding = 4; lastKnownFileType = sourcecode.c.h; path = NIDataStructures.h; sourceTree = "<group>"; };
		4FA19666184F99EB00E70A9E /* NIDataStructures.m */ = {isa = PBXFileReference; fileEncoding = 4; lastKnownFileType = sourcecode.c.objc; path = NIDataStructures.m; sourceTree = "<group>"; };
		4FA19667184F99EB00E70A9E /* NIDebuggingTools.h */ = {isa = PBXFileReference; fileEncoding = 4; lastKnownFileType = sourcecode.c.h; path = NIDebuggingTools.h; sourceTree = "<group>"; };
		4FA19668184F99EB00E70A9E /* NIDebuggingTools.m */ = {isa = PBXFileReference; fileEncoding = 4; lastKnownFileType = sourcecode.c.objc; path = NIDebuggingTools.m; sourceTree = "<group>"; };
		4FA19669184F99EB00E70A9E /* NIDeviceOrientation.h */ = {isa = PBXFileReference; fileEncoding = 4; lastKnownFileType = sourcecode.c.h; path = NIDeviceOrientation.h; sourceTree = "<group>"; };
		4FA1966A184F99EB00E70A9E /* NIDeviceOrientation.m */ = {isa = PBXFileReference; fileEncoding = 4; lastKnownFileType = sourcecode.c.objc; path = NIDeviceOrientation.m; sourceTree = "<group>"; };
		4FA1966B184F99EB00E70A9E /* NIError.h */ = {isa = PBXFileReference; fileEncoding = 4; lastKnownFileType = sourcecode.c.h; path = NIError.h; sourceTree = "<group>"; };
		4FA1966C184F99EB00E70A9E /* NIError.m */ = {isa = PBXFileReference; fileEncoding = 4; lastKnownFileType = sourcecode.c.objc; path = NIError.m; sourceTree = "<group>"; };
		4FA1966D184F99EB00E70A9E /* NIFoundationMethods.h */ = {isa = PBXFileReference; fileEncoding = 4; lastKnownFileType = sourcecode.c.h; path = NIFoundationMethods.h; sourceTree = "<group>"; };
		4FA1966E184F99EB00E70A9E /* NIFoundationMethods.m */ = {isa = PBXFileReference; fileEncoding = 4; lastKnownFileType = sourcecode.c.objc; path = NIFoundationMethods.m; sourceTree = "<group>"; };
		4FA1966F184F99EB00E70A9E /* NIImageUtilities.h */ = {isa = PBXFileReference; fileEncoding = 4; lastKnownFileType = sourcecode.c.h; path = NIImageUtilities.h; sourceTree = "<group>"; };
		4FA19670184F99EB00E70A9E /* NIImageUtilities.m */ = {isa = PBXFileReference; fileEncoding = 4; lastKnownFileType = sourcecode.c.objc; path = NIImageUtilities.m; sourceTree = "<group>"; };
		4FA19671184F99EB00E70A9E /* NIInMemoryCache.h */ = {isa = PBXFileReference; fileEncoding = 4; lastKnownFileType = sourcecode.c.h; path = NIInMemoryCache.h; sourceTree = "<group>"; };
		4FA19672184F99EB00E70A9E /* NIInMemoryCache.m */ = {isa = PBXFileReference; fileEncoding = 4; lastKnownFileType = sourcecode.c.objc; path = NIInMemoryCache.m; sourceTree = "<group>"; };
		4FA19673184F99EB00E70A9E /* NIInvocationMethods.h */ = {isa = PBXFileReference; fileEncoding = 4; lastKnownFileType = sourcecode.c.h; path = NIInvocationMethods.h; sourceTree = "<group>"; };
		4FA19674184F99EB00E70A9E /* NIInvocationMethods.m */ = {isa = PBXFileReference; fileEncoding = 4; lastKnownFileType = sourcecode.c.objc; path = NIInvocationMethods.m; sourceTree = "<group>"; };
		4FA19675184F99EB00E70A9E /* NimbusCore.h */ = {isa = PBXFileReference; fileEncoding = 4; lastKnownFileType = sourcecode.c.h; path = NimbusCore.h; sourceTree = "<group>"; };
		4FA19676184F99EB00E70A9E /* NimbusCore+Additions.h */ = {isa = PBXFileReference; fileEncoding = 4; lastKnownFileType = sourcecode.c.h; path = "NimbusCore+Additions.h"; sourceTree = "<group>"; };
		4FA19677184F99EB00E70A9E /* NINavigationAppearance.h */ = {isa = PBXFileReference; fileEncoding = 4; lastKnownFileType = sourcecode.c.h; path = NINavigationAppearance.h; sourceTree = "<group>"; };
		4FA19678184F99EB00E70A9E /* NINavigationAppearance.m */ = {isa = PBXFileReference; fileEncoding = 4; lastKnownFileType = sourcecode.c.objc; path = NINavigationAppearance.m; sourceTree = "<group>"; };
		4FA19679184F99EB00E70A9E /* NINetworkActivity.h */ = {isa = PBXFileReference; fileEncoding = 4; lastKnownFileType = sourcecode.c.h; path = NINetworkActivity.h; sourceTree = "<group>"; };
		4FA1967A184F99EB00E70A9E /* NINetworkActivity.m */ = {isa = PBXFileReference; fileEncoding = 4; lastKnownFileType = sourcecode.c.objc; path = NINetworkActivity.m; sourceTree = "<group>"; };
		4FA1967B184F99EB00E70A9E /* NINonEmptyCollectionTesting.h */ = {isa = PBXFileReference; fileEncoding = 4; lastKnownFileType = sourcecode.c.h; path = NINonEmptyCollectionTesting.h; sourceTree = "<group>"; };
		4FA1967C184F99EB00E70A9E /* NINonEmptyCollectionTesting.m */ = {isa = PBXFileReference; fileEncoding = 4; lastKnownFileType = sourcecode.c.objc; path = NINonEmptyCollectionTesting.m; sourceTree = "<group>"; };
		4FA1967D184F99EB00E70A9E /* NINonRetainingCollections.h */ = {isa = PBXFileReference; fileEncoding = 4; lastKnownFileType = sourcecode.c.h; path = NINonRetainingCollections.h; sourceTree = "<group>"; };
		4FA1967E184F99EB00E70A9E /* NINonRetainingCollections.m */ = {isa = PBXFileReference; fileEncoding = 4; lastKnownFileType = sourcecode.c.objc; path = NINonRetainingCollections.m; sourceTree = "<group>"; };
		4FA1967F184F99EB00E70A9E /* NIOperations.h */ = {isa = PBXFileReference; fileEncoding = 4; lastKnownFileType = sourcecode.c.h; path = NIOperations.h; sourceTree = "<group>"; };
		4FA19680184F99EB00E70A9E /* NIOperations.m */ = {isa = PBXFileReference; fileEncoding = 4; lastKnownFileType = sourcecode.c.objc; path = NIOperations.m; sourceTree = "<group>"; };
		4FA19681184F99EB00E70A9E /* NIOperations+Subclassing.h */ = {isa = PBXFileReference; fileEncoding = 4; lastKnownFileType = sourcecode.c.h; path = "NIOperations+Subclassing.h"; sourceTree = "<group>"; };
		4FA19682184F99EB00E70A9E /* NIPaths.h */ = {isa = PBXFileReference; fileEncoding = 4; lastKnownFileType = sourcecode.c.h; path = NIPaths.h; sourceTree = "<group>"; };
		4FA19683184F99EB00E70A9E /* NIPaths.m */ = {isa = PBXFileReference; fileEncoding = 4; lastKnownFileType = sourcecode.c.objc; path = NIPaths.m; sourceTree = "<group>"; };
		4FA19684184F99EB00E70A9E /* NIPreprocessorMacros.h */ = {isa = PBXFileReference; fileEncoding = 4; lastKnownFileType = sourcecode.c.h; path = NIPreprocessorMacros.h; sourceTree = "<group>"; };
		4FA19685184F99EB00E70A9E /* NIRuntimeClassModifications.h */ = {isa = PBXFileReference; fileEncoding = 4; lastKnownFileType = sourcecode.c.h; path = NIRuntimeClassModifications.h; sourceTree = "<group>"; };
		4FA19686184F99EB00E70A9E /* NIRuntimeClassModifications.m */ = {isa = PBXFileReference; fileEncoding = 4; lastKnownFileType = sourcecode.c.objc; path = NIRuntimeClassModifications.m; sourceTree = "<group>"; };
		4FA19687184F99EB00E70A9E /* NISDKAvailability.h */ = {isa = PBXFileReference; fileEncoding = 4; lastKnownFileType = sourcecode.c.h; path = NISDKAvailability.h; sourceTree = "<group>"; };
		4FA19688184F99EB00E70A9E /* NISDKAvailability.m */ = {isa = PBXFileReference; fileEncoding = 4; lastKnownFileType = sourcecode.c.objc; path = NISDKAvailability.m; sourceTree = "<group>"; };
		4FA19689184F99EB00E70A9E /* NISnapshotRotation.h */ = {isa = PBXFileReference; fileEncoding = 4; lastKnownFileType = sourcecode.c.h; path = NISnapshotRotation.h; sourceTree = "<group>"; };
		4FA1968A184F99EB00E70A9E /* NISnapshotRotation.m */ = {isa = PBXFileReference; fileEncoding = 4; lastKnownFileType = sourcecode.c.objc; path = NISnapshotRotation.m; sourceTree = "<group>"; };
		4FA1968B184F99EB00E70A9E /* NIState.h */ = {isa = PBXFileReference; fileEncoding = 4; lastKnownFileType = sourcecode.c.h; path = NIState.h; sourceTree = "<group>"; };
		4FA1968C184F99EB00E70A9E /* NIState.m */ = {isa = PBXFileReference; fileEncoding = 4; lastKnownFileType = sourcecode.c.objc; path = NIState.m; sourceTree = "<group>"; };
		4FA1968D184F99EB00E70A9E /* NIViewRecycler.h */ = {isa = PBXFileReference; fileEncoding = 4; lastKnownFileType = sourcecode.c.h; path = NIViewRecycler.h; sourceTree = "<group>"; };
		4FA1968E184F99EB00E70A9E /* NIViewRecycler.m */ = {isa = PBXFileReference; fileEncoding = 4; lastKnownFileType = sourcecode.c.objc; path = NIViewRecycler.m; sourceTree = "<group>"; };
		4FA1968F184F99EB00E70A9E /* NSString+NimbusCore.h */ = {isa = PBXFileReference; fileEncoding = 4; lastKnownFileType = sourcecode.c.h; path = "NSString+NimbusCore.h"; sourceTree = "<group>"; };
		4FA19690184F99EB00E70A9E /* NSString+NimbusCore.m */ = {isa = PBXFileReference; fileEncoding = 4; lastKnownFileType = sourcecode.c.objc; path = "NSString+NimbusCore.m"; sourceTree = "<group>"; };
		4FA196A8184F99FA00E70A9E /* NICellBackgrounds.h */ = {isa = PBXFileReference; fileEncoding = 4; lastKnownFileType = sourcecode.c.h; path = NICellBackgrounds.h; sourceTree = "<group>"; };
		4FA196A9184F99FA00E70A9E /* NICellBackgrounds.m */ = {isa = PBXFileReference; fileEncoding = 4; lastKnownFileType = sourcecode.c.objc; path = NICellBackgrounds.m; sourceTree = "<group>"; };
		4FA196AA184F99FA00E70A9E /* NICellCatalog.h */ = {isa = PBXFileReference; fileEncoding = 4; lastKnownFileType = sourcecode.c.h; path = NICellCatalog.h; sourceTree = "<group>"; };
		4FA196AB184F99FA00E70A9E /* NICellCatalog.m */ = {isa = PBXFileReference; fileEncoding = 4; lastKnownFileType = sourcecode.c.objc; path = NICellCatalog.m; sourceTree = "<group>"; };
		4FA196AC184F99FA00E70A9E /* NICellFactory.h */ = {isa = PBXFileReference; fileEncoding = 4; lastKnownFileType = sourcecode.c.h; path = NICellFactory.h; sourceTree = "<group>"; };
		4FA196AD184F99FA00E70A9E /* NICellFactory.m */ = {isa = PBXFileReference; fileEncoding = 4; lastKnownFileType = sourcecode.c.objc; path = NICellFactory.m; sourceTree = "<group>"; };
		4FA196AE184F99FA00E70A9E /* NIFormCellCatalog.h */ = {isa = PBXFileReference; fileEncoding = 4; lastKnownFileType = sourcecode.c.h; path = NIFormCellCatalog.h; sourceTree = "<group>"; };
		4FA196AF184F99FA00E70A9E /* NIFormCellCatalog.m */ = {isa = PBXFileReference; fileEncoding = 4; lastKnownFileType = sourcecode.c.objc; path = NIFormCellCatalog.m; sourceTree = "<group>"; };
		4FA196B0184F99FA00E70A9E /* NimbusModels.h */ = {isa = PBXFileReference; fileEncoding = 4; lastKnownFileType = sourcecode.c.h; path = NimbusModels.h; sourceTree = "<group>"; };
		4FA196B1184F99FA00E70A9E /* NIMutableTableViewModel.h */ = {isa = PBXFileReference; fileEncoding = 4; lastKnownFileType = sourcecode.c.h; path = NIMutableTableViewModel.h; sourceTree = "<group>"; };
		4FA196B2184F99FA00E70A9E /* NIMutableTableViewModel.m */ = {isa = PBXFileReference; fileEncoding = 4; lastKnownFileType = sourcecode.c.objc; path = NIMutableTableViewModel.m; sourceTree = "<group>"; };
		4FA196B3184F99FA00E70A9E /* NIMutableTableViewModel+Private.h */ = {isa = PBXFileReference; fileEncoding = 4; lastKnownFileType = sourcecode.c.h; path = "NIMutableTableViewModel+Private.h"; sourceTree = "<group>"; };
		4FA196B4184F99FA00E70A9E /* NIRadioGroup.h */ = {isa = PBXFileReference; fileEncoding = 4; lastKnownFileType = sourcecode.c.h; path = NIRadioGroup.h; sourceTree = "<group>"; };
		4FA196B5184F99FA00E70A9E /* NIRadioGroup.m */ = {isa = PBXFileReference; fileEncoding = 4; lastKnownFileType = sourcecode.c.objc; path = NIRadioGroup.m; sourceTree = "<group>"; };
		4FA196B6184F99FA00E70A9E /* NIRadioGroupController.h */ = {isa = PBXFileReference; fileEncoding = 4; lastKnownFileType = sourcecode.c.h; path = NIRadioGroupController.h; sourceTree = "<group>"; };
		4FA196B7184F99FA00E70A9E /* NIRadioGroupController.m */ = {isa = PBXFileReference; fileEncoding = 4; lastKnownFileType = sourcecode.c.objc; path = NIRadioGroupController.m; sourceTree = "<group>"; };
		4FA196B8184F99FA00E70A9E /* NITableViewActions.h */ = {isa = PBXFileReference; fileEncoding = 4; lastKnownFileType = sourcecode.c.h; path = NITableViewActions.h; sourceTree = "<group>"; };
		4FA196B9184F99FA00E70A9E /* NITableViewActions.m */ = {isa = PBXFileReference; fileEncoding = 4; lastKnownFileType = sourcecode.c.objc; path = NITableViewActions.m; sourceTree = "<group>"; };
		4FA196BA184F99FA00E70A9E /* NITableViewModel.h */ = {isa = PBXFileReference; fileEncoding = 4; lastKnownFileType = sourcecode.c.h; path = NITableViewModel.h; sourceTree = "<group>"; };
		4FA196BB184F99FA00E70A9E /* NITableViewModel.m */ = {isa = PBXFileReference; fileEncoding = 4; lastKnownFileType = sourcecode.c.objc; path = NITableViewModel.m; sourceTree = "<group>"; };
		4FA196BC184F99FA00E70A9E /* NITableViewModel+Private.h */ = {isa = PBXFileReference; fileEncoding = 4; lastKnownFileType = sourcecode.c.h; path = "NITableViewModel+Private.h"; sourceTree = "<group>"; };
		6626845D172F228300283577 /* UIKit.framework */ = {isa = PBXFileReference; lastKnownFileType = wrapper.framework; name = UIKit.framework; path = System/Library/Frameworks/UIKit.framework; sourceTree = SDKROOT; };
		66268463172F22B500283577 /* libNSAttributedStringMarkdownParser.a */ = {isa = PBXFileReference; explicitFileType = archive.ar; includeInIndex = 0; path = libNSAttributedStringMarkdownParser.a; sourceTree = BUILT_PRODUCTS_DIR; };
		66268493172F25C400283577 /* MarkdownCatalog.app */ = {isa = PBXFileReference; explicitFileType = wrapper.application; includeInIndex = 0; path = MarkdownCatalog.app; sourceTree = BUILT_PRODUCTS_DIR; };
		66268496172F25C400283577 /* CoreGraphics.framework */ = {isa = PBXFileReference; lastKnownFileType = wrapper.framework; name = CoreGraphics.framework; path = System/Library/Frameworks/CoreGraphics.framework; sourceTree = SDKROOT; };
		6626849A172F25C400283577 /* MarkdownCatalog-Info.plist */ = {isa = PBXFileReference; lastKnownFileType = text.plist.xml; path = "MarkdownCatalog-Info.plist"; sourceTree = "<group>"; };
		6626849C172F25C400283577 /* en */ = {isa = PBXFileReference; lastKnownFileType = text.plist.strings; name = en; path = en.lproj/InfoPlist.strings; sourceTree = "<group>"; };
		6626849E172F25C400283577 /* main.m */ = {isa = PBXFileReference; lastKnownFileType = sourcecode.c.objc; path = main.m; sourceTree = "<group>"; };
		662684A0172F25C400283577 /* MarkdownCatalog-Prefix.pch */ = {isa = PBXFileReference; lastKnownFileType = sourcecode.c.h; path = "MarkdownCatalog-Prefix.pch"; sourceTree = "<group>"; };
		662684A1172F25C400283577 /* AppDelegate.h */ = {isa = PBXFileReference; lastKnownFileType = sourcecode.c.h; path = AppDelegate.h; sourceTree = "<group>"; };
		662684A2172F25C400283577 /* AppDelegate.m */ = {isa = PBXFileReference; lastKnownFileType = sourcecode.c.objc; path = AppDelegate.m; sourceTree = "<group>"; };
		662684A4172F25C500283577 /* Default.png */ = {isa = PBXFileReference; lastKnownFileType = image.png; path = Default.png; sourceTree = "<group>"; };
		662684A6172F25C500283577 /* Default@2x.png */ = {isa = PBXFileReference; lastKnownFileType = image.png; path = "Default@2x.png"; sourceTree = "<group>"; };
		662684A8172F25C500283577 /* Default-568h@2x.png */ = {isa = PBXFileReference; lastKnownFileType = image.png; path = "Default-568h@2x.png"; sourceTree = "<group>"; };
		6692F5011599068F00FA074E /* fmemopen.c */ = {isa = PBXFileReference; fileEncoding = 4; lastKnownFileType = sourcecode.c.c; name = fmemopen.c; path = fmemopen/fmemopen.c; sourceTree = "<group>"; };
		6692F5021599068F00FA074E /* fmemopen.h */ = {isa = PBXFileReference; fileEncoding = 4; lastKnownFileType = sourcecode.c.h; name = fmemopen.h; path = fmemopen/fmemopen.h; sourceTree = "<group>"; };
		6692F5031599068F00FA074E /* README.md */ = {isa = PBXFileReference; fileEncoding = 4; lastKnownFileType = text; name = README.md; path = fmemopen/README.md; sourceTree = "<group>"; };
		66AB04A41596EA9600806DC4 /* Foundation.framework */ = {isa = PBXFileReference; lastKnownFileType = wrapper.framework; name = Foundation.framework; path = System/Library/Frameworks/Foundation.framework; sourceTree = SDKROOT; };
		66AB04B31596EA9600806DC4 /* SenTestingKit.framework */ = {isa = PBXFileReference; lastKnownFileType = wrapper.framework; name = SenTestingKit.framework; path = Library/Frameworks/SenTestingKit.framework; sourceTree = DEVELOPER_DIR; };
		66AB04CC1596EB9700806DC4 /* LICENSE */ = {isa = PBXFileReference; lastKnownFileType = text; path = LICENSE; sourceTree = "<group>"; };
		66AB04CD1596EB9700806DC4 /* NOTICE */ = {isa = PBXFileReference; lastKnownFileType = text; path = NOTICE; sourceTree = "<group>"; };
		66AB04CE1596EBBB00806DC4 /* README.mdown */ = {isa = PBXFileReference; lastKnownFileType = text; path = README.mdown; sourceTree = "<group>"; };
		66AB04EC1596EC1D00806DC4 /* markdown.grammar */ = {isa = PBXFileReference; lastKnownFileType = text; name = markdown.grammar; path = grammar/markdown.grammar; sourceTree = "<group>"; };
		66AB04ED1596EC1D00806DC4 /* MarkdownTokenizerPrefix */ = {isa = PBXFileReference; lastKnownFileType = text; name = MarkdownTokenizerPrefix; path = grammar/MarkdownTokenizerPrefix; sourceTree = "<group>"; };
		66AB04EE1596EC1D00806DC4 /* MarkdownTokens.cpp */ = {isa = PBXFileReference; lastKnownFileType = sourcecode.cpp.cpp; name = MarkdownTokens.cpp; path = grammar/MarkdownTokens.cpp; sourceTree = "<group>"; };
		66AB04EF1596EC1D00806DC4 /* MarkdownTokens.h */ = {isa = PBXFileReference; lastKnownFileType = sourcecode.c.h; name = MarkdownTokens.h; path = grammar/MarkdownTokens.h; sourceTree = "<group>"; };
		66AB04F01596EC1D00806DC4 /* generate */ = {isa = PBXFileReference; lastKnownFileType = text.script.sh; name = generate; path = grammar/generate; sourceTree = "<group>"; };
		66AB04F61596ECAF00806DC4 /* NSAttributedStringMarkdownParser.h */ = {isa = PBXFileReference; fileEncoding = 4; lastKnownFileType = sourcecode.c.h; name = NSAttributedStringMarkdownParser.h; path = src/NSAttributedStringMarkdownParser.h; sourceTree = "<group>"; };
		66AB04F71596ECAF00806DC4 /* NSAttributedStringMarkdownParser.m */ = {isa = PBXFileReference; fileEncoding = 4; lastKnownFileType = sourcecode.c.objc; name = NSAttributedStringMarkdownParser.m; path = src/NSAttributedStringMarkdownParser.m; sourceTree = "<group>"; };
		66AB05061596EDA200806DC4 /* MarkdownTokenizer.m */ = {isa = PBXFileReference; fileEncoding = 4; lastKnownFileType = sourcecode.c.objc; name = MarkdownTokenizer.m; path = src/MarkdownTokenizer.m; sourceTree = "<group>"; };
		66AB05071596EDA200806DC4 /* MarkdownTokens.h */ = {isa = PBXFileReference; fileEncoding = 4; lastKnownFileType = sourcecode.c.h; name = MarkdownTokens.h; path = src/MarkdownTokens.h; sourceTree = "<group>"; };
		66AB05081596EDA200806DC4 /* MarkdownTokens.m */ = {isa = PBXFileReference; fileEncoding = 4; lastKnownFileType = sourcecode.c.objc; name = MarkdownTokens.m; path = src/MarkdownTokens.m; sourceTree = "<group>"; };
		66AB052A1596FCC900806DC4 /* CoreText.framework */ = {isa = PBXFileReference; lastKnownFileType = wrapper.framework; name = CoreText.framework; path = System/Library/Frameworks/CoreText.framework; sourceTree = SDKROOT; };
		66FE975C172F48DE006602B4 /* CatalogViewController.h */ = {isa = PBXFileReference; fileEncoding = 4; lastKnownFileType = sourcecode.c.h; path = CatalogViewController.h; sourceTree = "<group>"; };
		66FE975D172F48DE006602B4 /* CatalogViewController.m */ = {isa = PBXFileReference; fileEncoding = 4; lastKnownFileType = sourcecode.c.objc; path = CatalogViewController.m; sourceTree = "<group>"; };
		66FE9760172F49EA006602B4 /* EmphasisViewController.h */ = {isa = PBXFileReference; fileEncoding = 4; lastKnownFileType = sourcecode.c.h; path = EmphasisViewController.h; sourceTree = "<group>"; };
		66FE9761172F49EA006602B4 /* EmphasisViewController.m */ = {isa = PBXFileReference; fileEncoding = 4; lastKnownFileType = sourcecode.c.objc; path = EmphasisViewController.m; sourceTree = "<group>"; };
		66FE9763172F4CED006602B4 /* HeadersViewController.h */ = {isa = PBXFileReference; fileEncoding = 4; lastKnownFileType = sourcecode.c.h; path = HeadersViewController.h; sourceTree = "<group>"; };
		66FE9764172F4CED006602B4 /* HeadersViewController.m */ = {isa = PBXFileReference; fileEncoding = 4; lastKnownFileType = sourcecode.c.objc; path = HeadersViewController.m; sourceTree = "<group>"; };
		66FE9766172F4DEA006602B4 /* LinksViewController.h */ = {isa = PBXFileReference; fileEncoding = 4; lastKnownFileType = sourcecode.c.h; path = LinksViewController.h; sourceTree = "<group>"; };
		66FE9767172F4DEA006602B4 /* LinksViewController.m */ = {isa = PBXFileReference; fileEncoding = 4; lastKnownFileType = sourcecode.c.objc; path = LinksViewController.m; sourceTree = "<group>"; };
		66FE9769172F5350006602B4 /* Prefix.pch */ = {isa = PBXFileReference; lastKnownFileType = sourcecode.c.h; path = Prefix.pch; sourceTree = "<group>"; };
/* End PBXFileReference section */

/* Begin PBXFrameworksBuildPhase section */
		66268460172F22B500283577 /* Frameworks */ = {
			isa = PBXFrameworksBuildPhase;
			buildActionMask = 2147483647;
			files = (
				66268464172F22B500283577 /* Foundation.framework in Frameworks */,
			);
			runOnlyForDeploymentPostprocessing = 0;
		};
		66268490172F25C400283577 /* Frameworks */ = {
			isa = PBXFrameworksBuildPhase;
			buildActionMask = 2147483647;
			files = (
				66268504172F273F00283577 /* CoreText.framework in Frameworks */,
				662684AF172F25D200283577 /* libNSAttributedStringMarkdownParser.a in Frameworks */,
				66268494172F25C400283577 /* UIKit.framework in Frameworks */,
				66268495172F25C400283577 /* Foundation.framework in Frameworks */,
				66268497172F25C400283577 /* CoreGraphics.framework in Frameworks */,
			);
			runOnlyForDeploymentPostprocessing = 0;
		};
/* End PBXFrameworksBuildPhase section */

/* Begin PBXGroup section */
		66268498172F25C400283577 /* MarkdownCatalog */ = {
			isa = PBXGroup;
			children = (
				662684A1172F25C400283577 /* AppDelegate.h */,
				662684A2172F25C400283577 /* AppDelegate.m */,
				66FE975C172F48DE006602B4 /* CatalogViewController.h */,
				66FE975D172F48DE006602B4 /* CatalogViewController.m */,
				66FE975F172F49D9006602B4 /* Catalog */,
				662684B0172F26FD00283577 /* Nimbus */,
				66268499172F25C400283577 /* Supporting Files */,
			);
			path = MarkdownCatalog;
			sourceTree = "<group>";
		};
		66268499172F25C400283577 /* Supporting Files */ = {
			isa = PBXGroup;
			children = (
				6626849A172F25C400283577 /* MarkdownCatalog-Info.plist */,
				6626849B172F25C400283577 /* InfoPlist.strings */,
				6626849E172F25C400283577 /* main.m */,
				662684A0172F25C400283577 /* MarkdownCatalog-Prefix.pch */,
				662684A4172F25C500283577 /* Default.png */,
				662684A6172F25C500283577 /* Default@2x.png */,
				662684A8172F25C500283577 /* Default-568h@2x.png */,
			);
			name = "Supporting Files";
			sourceTree = "<group>";
		};
		662684B0172F26FD00283577 /* Nimbus */ = {
			isa = PBXGroup;
			children = (
				662684FC172F271F00283577 /* attributed label */,
				662684B1172F270E00283577 /* core */,
				66268505172F275300283577 /* models */,
			);
			name = Nimbus;
			path = ../nimbus/src;
			sourceTree = "<group>";
		};
		662684B1172F270E00283577 /* core */ = {
			isa = PBXGroup;
			children = (
				4FA1965E184F99EB00E70A9E /* NIActions.h */,
				4FA1965F184F99EB00E70A9E /* NIActions.m */,
				4FA19660184F99EB00E70A9E /* NIActions+Subclassing.h */,
				4FA19661184F99EB00E70A9E /* NIButtonUtilities.h */,
				4FA19662184F99EB00E70A9E /* NIButtonUtilities.m */,
				4FA19663184F99EB00E70A9E /* NICommonMetrics.h */,
				4FA19664184F99EB00E70A9E /* NICommonMetrics.m */,
				4FA19665184F99EB00E70A9E /* NIDataStructures.h */,
				4FA19666184F99EB00E70A9E /* NIDataStructures.m */,
				4FA19667184F99EB00E70A9E /* NIDebuggingTools.h */,
				4FA19668184F99EB00E70A9E /* NIDebuggingTools.m */,
				4FA19669184F99EB00E70A9E /* NIDeviceOrientation.h */,
				4FA1966A184F99EB00E70A9E /* NIDeviceOrientation.m */,
				4FA1966B184F99EB00E70A9E /* NIError.h */,
				4FA1966C184F99EB00E70A9E /* NIError.m */,
				4FA1966D184F99EB00E70A9E /* NIFoundationMethods.h */,
				4FA1966E184F99EB00E70A9E /* NIFoundationMethods.m */,
				4FA1966F184F99EB00E70A9E /* NIImageUtilities.h */,
				4FA19670184F99EB00E70A9E /* NIImageUtilities.m */,
				4FA19671184F99EB00E70A9E /* NIInMemoryCache.h */,
				4FA19672184F99EB00E70A9E /* NIInMemoryCache.m */,
				4FA19673184F99EB00E70A9E /* NIInvocationMethods.h */,
				4FA19674184F99EB00E70A9E /* NIInvocationMethods.m */,
				4FA19675184F99EB00E70A9E /* NimbusCore.h */,
				4FA19676184F99EB00E70A9E /* NimbusCore+Additions.h */,
				4FA19677184F99EB00E70A9E /* NINavigationAppearance.h */,
				4FA19678184F99EB00E70A9E /* NINavigationAppearance.m */,
				4FA19679184F99EB00E70A9E /* NINetworkActivity.h */,
				4FA1967A184F99EB00E70A9E /* NINetworkActivity.m */,
				4FA1967B184F99EB00E70A9E /* NINonEmptyCollectionTesting.h */,
				4FA1967C184F99EB00E70A9E /* NINonEmptyCollectionTesting.m */,
				4FA1967D184F99EB00E70A9E /* NINonRetainingCollections.h */,
				4FA1967E184F99EB00E70A9E /* NINonRetainingCollections.m */,
				4FA1967F184F99EB00E70A9E /* NIOperations.h */,
				4FA19680184F99EB00E70A9E /* NIOperations.m */,
				4FA19681184F99EB00E70A9E /* NIOperations+Subclassing.h */,
				4FA19682184F99EB00E70A9E /* NIPaths.h */,
				4FA19683184F99EB00E70A9E /* NIPaths.m */,
				4FA19684184F99EB00E70A9E /* NIPreprocessorMacros.h */,
				4FA19685184F99EB00E70A9E /* NIRuntimeClassModifications.h */,
				4FA19686184F99EB00E70A9E /* NIRuntimeClassModifications.m */,
				4FA19687184F99EB00E70A9E /* NISDKAvailability.h */,
				4FA19688184F99EB00E70A9E /* NISDKAvailability.m */,
				4FA19689184F99EB00E70A9E /* NISnapshotRotation.h */,
				4FA1968A184F99EB00E70A9E /* NISnapshotRotation.m */,
				4FA1968B184F99EB00E70A9E /* NIState.h */,
				4FA1968C184F99EB00E70A9E /* NIState.m */,
				4FA1968D184F99EB00E70A9E /* NIViewRecycler.h */,
				4FA1968E184F99EB00E70A9E /* NIViewRecycler.m */,
				4FA1968F184F99EB00E70A9E /* NSString+NimbusCore.h */,
				4FA19690184F99EB00E70A9E /* NSString+NimbusCore.m */,
			);
			name = core;
			path = core/src;
			sourceTree = "<group>";
		};
		662684FC172F271F00283577 /* attributed label */ = {
			isa = PBXGroup;
			children = (
				4FA19657184F99D600E70A9E /* NIAttributedLabel.h */,
				4FA19658184F99D600E70A9E /* NIAttributedLabel.m */,
				4FA19659184F99D600E70A9E /* NimbusAttributedLabel.h */,
				4FA1965A184F99D600E70A9E /* NSMutableAttributedString+NimbusAttributedLabel.h */,
				4FA1965B184F99D600E70A9E /* NSMutableAttributedString+NimbusAttributedLabel.m */,
			);
			name = "attributed label";
			path = attributedlabel/src;
			sourceTree = "<group>";
		};
		66268505172F275300283577 /* models */ = {
			isa = PBXGroup;
			children = (
				4FA196A8184F99FA00E70A9E /* NICellBackgrounds.h */,
				4FA196A9184F99FA00E70A9E /* NICellBackgrounds.m */,
				4FA196AA184F99FA00E70A9E /* NICellCatalog.h */,
				4FA196AB184F99FA00E70A9E /* NICellCatalog.m */,
				4FA196AC184F99FA00E70A9E /* NICellFactory.h */,
				4FA196AD184F99FA00E70A9E /* NICellFactory.m */,
				4FA196AE184F99FA00E70A9E /* NIFormCellCatalog.h */,
				4FA196AF184F99FA00E70A9E /* NIFormCellCatalog.m */,
				4FA196B0184F99FA00E70A9E /* NimbusModels.h */,
				4FA196B1184F99FA00E70A9E /* NIMutableTableViewModel.h */,
				4FA196B2184F99FA00E70A9E /* NIMutableTableViewModel.m */,
				4FA196B3184F99FA00E70A9E /* NIMutableTableViewModel+Private.h */,
				4FA196B4184F99FA00E70A9E /* NIRadioGroup.h */,
				4FA196B5184F99FA00E70A9E /* NIRadioGroup.m */,
				4FA196B6184F99FA00E70A9E /* NIRadioGroupController.h */,
				4FA196B7184F99FA00E70A9E /* NIRadioGroupController.m */,
				4FA196B8184F99FA00E70A9E /* NITableViewActions.h */,
				4FA196B9184F99FA00E70A9E /* NITableViewActions.m */,
				4FA196BA184F99FA00E70A9E /* NITableViewModel.h */,
				4FA196BB184F99FA00E70A9E /* NITableViewModel.m */,
				4FA196BC184F99FA00E70A9E /* NITableViewModel+Private.h */,
			);
			name = models;
			path = models/src;
			sourceTree = "<group>";
		};
		66AB04961596EA9600806DC4 = {
			isa = PBXGroup;
			children = (
				66AB04CE1596EBBB00806DC4 /* README.mdown */,
				66AB04CC1596EB9700806DC4 /* LICENSE */,
				66AB04CD1596EB9700806DC4 /* NOTICE */,
				66FE9769172F5350006602B4 /* Prefix.pch */,
				66AB05011596ECCA00806DC4 /* Parser */,
				66268498172F25C400283577 /* MarkdownCatalog */,
				66AB04A31596EA9600806DC4 /* Frameworks */,
				66AB04A21596EA9600806DC4 /* Products */,
			);
			sourceTree = "<group>";
		};
		66AB04A21596EA9600806DC4 /* Products */ = {
			isa = PBXGroup;
			children = (
				66268463172F22B500283577 /* libNSAttributedStringMarkdownParser.a */,
				66268493172F25C400283577 /* MarkdownCatalog.app */,
			);
			name = Products;
			sourceTree = "<group>";
		};
		66AB04A31596EA9600806DC4 /* Frameworks */ = {
			isa = PBXGroup;
			children = (
				6626845D172F228300283577 /* UIKit.framework */,
				66AB052A1596FCC900806DC4 /* CoreText.framework */,
				66AB04A41596EA9600806DC4 /* Foundation.framework */,
				66AB04B31596EA9600806DC4 /* SenTestingKit.framework */,
				66268496172F25C400283577 /* CoreGraphics.framework */,
			);
			name = Frameworks;
			sourceTree = "<group>";
		};
		66AB04CF1596EBF200806DC4 /* Grammar */ = {
			isa = PBXGroup;
			children = (
				66AB04EC1596EC1D00806DC4 /* markdown.grammar */,
				66AB04ED1596EC1D00806DC4 /* MarkdownTokenizerPrefix */,
				66AB04EE1596EC1D00806DC4 /* MarkdownTokens.cpp */,
				66AB04EF1596EC1D00806DC4 /* MarkdownTokens.h */,
				66AB04F01596EC1D00806DC4 /* generate */,
			);
			name = Grammar;
			sourceTree = "<group>";
		};
		66AB05011596ECCA00806DC4 /* Parser */ = {
			isa = PBXGroup;
			children = (
				66AB04F61596ECAF00806DC4 /* NSAttributedStringMarkdownParser.h */,
				66AB04F71596ECAF00806DC4 /* NSAttributedStringMarkdownParser.m */,
				66AB050B1596EDA400806DC4 /* Tokenizer (autogenerated) */,
				66AB055E1598DCE500806DC4 /* fmemopen */,
				66AB04CF1596EBF200806DC4 /* Grammar */,
			);
			name = Parser;
			sourceTree = "<group>";
		};
		66AB050B1596EDA400806DC4 /* Tokenizer (autogenerated) */ = {
			isa = PBXGroup;
			children = (
				66AB05061596EDA200806DC4 /* MarkdownTokenizer.m */,
				66AB05071596EDA200806DC4 /* MarkdownTokens.h */,
				66AB05081596EDA200806DC4 /* MarkdownTokens.m */,
			);
			name = "Tokenizer (autogenerated)";
			sourceTree = "<group>";
		};
		66AB055E1598DCE500806DC4 /* fmemopen */ = {
			isa = PBXGroup;
			children = (
				6692F5011599068F00FA074E /* fmemopen.c */,
				6692F5021599068F00FA074E /* fmemopen.h */,
				6692F5031599068F00FA074E /* README.md */,
			);
			name = fmemopen;
			sourceTree = "<group>";
		};
		66FE975F172F49D9006602B4 /* Catalog */ = {
			isa = PBXGroup;
			children = (
				66FE9760172F49EA006602B4 /* EmphasisViewController.h */,
				66FE9761172F49EA006602B4 /* EmphasisViewController.m */,
				66FE9763172F4CED006602B4 /* HeadersViewController.h */,
				66FE9764172F4CED006602B4 /* HeadersViewController.m */,
				66FE9766172F4DEA006602B4 /* LinksViewController.h */,
				66FE9767172F4DEA006602B4 /* LinksViewController.m */,
			);
			name = Catalog;
			sourceTree = "<group>";
		};
/* End PBXGroup section */

/* Begin PBXLegacyTarget section */
		66AB04F11596EC4A00806DC4 /* Markdown Grammar */ = {
			isa = PBXLegacyTarget;
			buildArgumentsString = "$(ACTION)";
			buildConfigurationList = 66AB04F21596EC4A00806DC4 /* Build configuration list for PBXLegacyTarget "Markdown Grammar" */;
			buildPhases = (
			);
			buildToolPath = ./generate;
			buildWorkingDirectory = grammar;
			dependencies = (
			);
			name = "Markdown Grammar";
			passBuildSettingsInEnvironment = 1;
			productName = "Markdown Grammar";
		};
/* End PBXLegacyTarget section */

/* Begin PBXNativeTarget section */
		66268462172F22B500283577 /* NSAttributedStringMarkdownParser */ = {
			isa = PBXNativeTarget;
			buildConfigurationList = 66268481172F22B500283577 /* Build configuration list for PBXNativeTarget "NSAttributedStringMarkdownParser" */;
			buildPhases = (
				6626845F172F22B500283577 /* Sources */,
				66268460172F22B500283577 /* Frameworks */,
				66268461172F22B500283577 /* CopyFiles */,
			);
			buildRules = (
			);
			dependencies = (
				6626848E172F23E100283577 /* PBXTargetDependency */,
			);
			name = NSAttributedStringMarkdownParser;
			productName = NSAttributedStringMarkdownParser;
			productReference = 66268463172F22B500283577 /* libNSAttributedStringMarkdownParser.a */;
			productType = "com.apple.product-type.library.static";
		};
		66268492172F25C400283577 /* MarkdownCatalog */ = {
			isa = PBXNativeTarget;
			buildConfigurationList = 662684AA172F25C500283577 /* Build configuration list for PBXNativeTarget "MarkdownCatalog" */;
			buildPhases = (
				6626848F172F25C400283577 /* Sources */,
				66268490172F25C400283577 /* Frameworks */,
				66268491172F25C400283577 /* Resources */,
			);
			buildRules = (
			);
			dependencies = (
				662684AE172F25CF00283577 /* PBXTargetDependency */,
			);
			name = MarkdownCatalog;
			productName = MarkdownCatalog;
			productReference = 66268493172F25C400283577 /* MarkdownCatalog.app */;
			productType = "com.apple.product-type.application";
		};
/* End PBXNativeTarget section */

/* Begin PBXProject section */
		66AB04981596EA9600806DC4 /* Project object */ = {
			isa = PBXProject;
			attributes = {
				LastUpgradeCheck = 0460;
				ORGANIZATIONNAME = JeffVerkoeyen;
			};
			buildConfigurationList = 66AB049B1596EA9600806DC4 /* Build configuration list for PBXProject "MarkdownAttributedString" */;
			compatibilityVersion = "Xcode 3.2";
			developmentRegion = English;
			hasScannedForEncodings = 0;
			knownRegions = (
				en,
			);
			mainGroup = 66AB04961596EA9600806DC4;
			productRefGroup = 66AB04A21596EA9600806DC4 /* Products */;
			projectDirPath = "";
			projectRoot = "";
			targets = (
				66268462172F22B500283577 /* NSAttributedStringMarkdownParser */,
				66268492172F25C400283577 /* MarkdownCatalog */,
				66AB04F11596EC4A00806DC4 /* Markdown Grammar */,
			);
		};
/* End PBXProject section */

/* Begin PBXResourcesBuildPhase section */
		66268491172F25C400283577 /* Resources */ = {
			isa = PBXResourcesBuildPhase;
			buildActionMask = 2147483647;
			files = (
				6626849D172F25C400283577 /* InfoPlist.strings in Resources */,
				662684A5172F25C500283577 /* Default.png in Resources */,
				662684A7172F25C500283577 /* Default@2x.png in Resources */,
				662684A9172F25C500283577 /* Default-568h@2x.png in Resources */,
			);
			runOnlyForDeploymentPostprocessing = 0;
		};
/* End PBXResourcesBuildPhase section */

/* Begin PBXSourcesBuildPhase section */
		6626845F172F22B500283577 /* Sources */ = {
			isa = PBXSourcesBuildPhase;
			buildActionMask = 2147483647;
			files = (
				66268487172F22C400283577 /* NSAttributedStringMarkdownParser.m in Sources */,
				66268488172F22C400283577 /* MarkdownTokenizer.m in Sources */,
				66268489172F22C400283577 /* MarkdownTokens.m in Sources */,
				6626848A172F22C400283577 /* fmemopen.c in Sources */,
			);
			runOnlyForDeploymentPostprocessing = 0;
		};
		6626848F172F25C400283577 /* Sources */ = {
			isa = PBXSourcesBuildPhase;
			buildActionMask = 2147483647;
			files = (
				4FA196C3184F99FA00E70A9E /* NIRadioGroupController.m in Sources */,
				4FA196C1184F99FA00E70A9E /* NIMutableTableViewModel.m in Sources */,
				6626849F172F25C400283577 /* main.m in Sources */,
				4FA19697184F99EB00E70A9E /* NIError.m in Sources */,
				4FA196BE184F99FA00E70A9E /* NICellCatalog.m in Sources */,
				4FA1969C184F99EB00E70A9E /* NINavigationAppearance.m in Sources */,
				4FA1969D184F99EB00E70A9E /* NINetworkActivity.m in Sources */,
				662684A3172F25C400283577 /* AppDelegate.m in Sources */,
				4FA19696184F99EB00E70A9E /* NIDeviceOrientation.m in Sources */,
				4FA196A7184F99EB00E70A9E /* NSString+NimbusCore.m in Sources */,
				4FA19695184F99EB00E70A9E /* NIDebuggingTools.m in Sources */,
				4FA196A6184F99EB00E70A9E /* NIViewRecycler.m in Sources */,
				4FA196A3184F99EB00E70A9E /* NISDKAvailability.m in Sources */,
				4FA19692184F99EB00E70A9E /* NIButtonUtilities.m in Sources */,
				4FA196A5184F99EB00E70A9E /* NIState.m in Sources */,
				4FA19691184F99EB00E70A9E /* NIActions.m in Sources */,
				4FA196C0184F99FA00E70A9E /* NIFormCellCatalog.m in Sources */,
				4FA196BF184F99FA00E70A9E /* NICellFactory.m in Sources */,
				4FA19698184F99EB00E70A9E /* NIFoundationMethods.m in Sources */,
				4FA1969B184F99EB00E70A9E /* NIInvocationMethods.m in Sources */,
				4FA196C5184F99FA00E70A9E /* NITableViewModel.m in Sources */,
				4FA1969E184F99EB00E70A9E /* NINonEmptyCollectionTesting.m in Sources */,
				4FA196C4184F99FA00E70A9E /* NITableViewActions.m in Sources */,
				4FA196C2184F99FA00E70A9E /* NIRadioGroup.m in Sources */,
				4FA196A1184F99EB00E70A9E /* NIPaths.m in Sources */,
				4FA196A0184F99EB00E70A9E /* NIOperations.m in Sources */,
				66FE975E172F48DE006602B4 /* CatalogViewController.m in Sources */,
				66FE9762172F49EA006602B4 /* EmphasisViewController.m in Sources */,
				66FE9765172F4CED006602B4 /* HeadersViewController.m in Sources */,
				4FA196A4184F99EB00E70A9E /* NISnapshotRotation.m in Sources */,
				4FA1969A184F99EB00E70A9E /* NIInMemoryCache.m in Sources */,
				4FA1969F184F99EB00E70A9E /* NINonRetainingCollections.m in Sources */,
				66FE9768172F4DEA006602B4 /* LinksViewController.m in Sources */,
				4FA1965C184F99D600E70A9E /* NIAttributedLabel.m in Sources */,
				4FA19693184F99EB00E70A9E /* NICommonMetrics.m in Sources */,
				4FA196A2184F99EB00E70A9E /* NIRuntimeClassModifications.m in Sources */,
				4FA19694184F99EB00E70A9E /* NIDataStructures.m in Sources */,
				4FA1965D184F99D600E70A9E /* NSMutableAttributedString+NimbusAttributedLabel.m in Sources */,
				4FA196BD184F99FA00E70A9E /* NICellBackgrounds.m in Sources */,
				4FA19699184F99EB00E70A9E /* NIImageUtilities.m in Sources */,
			);
			runOnlyForDeploymentPostprocessing = 0;
		};
/* End PBXSourcesBuildPhase section */

/* Begin PBXTargetDependency section */
		6626848E172F23E100283577 /* PBXTargetDependency */ = {
			isa = PBXTargetDependency;
			target = 66AB04F11596EC4A00806DC4 /* Markdown Grammar */;
			targetProxy = 6626848D172F23E100283577 /* PBXContainerItemProxy */;
		};
		662684AE172F25CF00283577 /* PBXTargetDependency */ = {
			isa = PBXTargetDependency;
			target = 66268462172F22B500283577 /* NSAttributedStringMarkdownParser */;
			targetProxy = 662684AD172F25CF00283577 /* PBXContainerItemProxy */;
		};
/* End PBXTargetDependency section */

/* Begin PBXVariantGroup section */
		6626849B172F25C400283577 /* InfoPlist.strings */ = {
			isa = PBXVariantGroup;
			children = (
				6626849C172F25C400283577 /* en */,
			);
			name = InfoPlist.strings;
			sourceTree = "<group>";
		};
/* End PBXVariantGroup section */

/* Begin XCBuildConfiguration section */
		66268482172F22B500283577 /* Debug */ = {
			isa = XCBuildConfiguration;
			buildSettings = {
				CLANG_CXX_LIBRARY = "libc++";
				CLANG_WARN_CONSTANT_CONVERSION = YES;
				CLANG_WARN_EMPTY_BODY = YES;
				CLANG_WARN_ENUM_CONVERSION = YES;
				CLANG_WARN_INT_CONVERSION = YES;
				DSTROOT = /tmp/NSAttributedStringMarkdownParser.dst;
				GCC_PRECOMPILE_PREFIX_HEADER = YES;
				GCC_WARN_MULTIPLE_DEFINITION_TYPES_FOR_SELECTOR = YES;
				GCC_WARN_STRICT_SELECTOR_MATCH = YES;
				GCC_WARN_UNDECLARED_SELECTOR = YES;
				IPHONEOS_DEPLOYMENT_TARGET = 6.1;
				ONLY_ACTIVE_ARCH = YES;
				OTHER_LDFLAGS = "-ObjC";
				PRODUCT_NAME = "$(TARGET_NAME)";
				SKIP_INSTALL = YES;
			};
			name = Debug;
		};
		66268483172F22B500283577 /* Release */ = {
			isa = XCBuildConfiguration;
			buildSettings = {
				CLANG_CXX_LIBRARY = "libc++";
				CLANG_WARN_CONSTANT_CONVERSION = YES;
				CLANG_WARN_EMPTY_BODY = YES;
				CLANG_WARN_ENUM_CONVERSION = YES;
				CLANG_WARN_INT_CONVERSION = YES;
				DSTROOT = /tmp/NSAttributedStringMarkdownParser.dst;
				GCC_PRECOMPILE_PREFIX_HEADER = YES;
				GCC_WARN_MULTIPLE_DEFINITION_TYPES_FOR_SELECTOR = YES;
				GCC_WARN_STRICT_SELECTOR_MATCH = YES;
				GCC_WARN_UNDECLARED_SELECTOR = YES;
				IPHONEOS_DEPLOYMENT_TARGET = 6.1;
				OTHER_LDFLAGS = "-ObjC";
				PRODUCT_NAME = "$(TARGET_NAME)";
				SKIP_INSTALL = YES;
			};
			name = Release;
		};
		662684AB172F25C500283577 /* Debug */ = {
			isa = XCBuildConfiguration;
			buildSettings = {
				CLANG_CXX_LIBRARY = "libc++";
				CLANG_WARN_CONSTANT_CONVERSION = YES;
				CLANG_WARN_EMPTY_BODY = YES;
				CLANG_WARN_ENUM_CONVERSION = YES;
				CLANG_WARN_INT_CONVERSION = YES;
				"CODE_SIGN_IDENTITY[sdk=iphoneos*]" = "iPhone Developer";
				GCC_PRECOMPILE_PREFIX_HEADER = YES;
				GCC_PREFIX_HEADER = "MarkdownCatalog/MarkdownCatalog-Prefix.pch";
				INFOPLIST_FILE = "MarkdownCatalog/MarkdownCatalog-Info.plist";
				IPHONEOS_DEPLOYMENT_TARGET = 6.1;
				ONLY_ACTIVE_ARCH = YES;
				PRODUCT_NAME = "$(TARGET_NAME)";
				TARGETED_DEVICE_FAMILY = "1,2";
				WRAPPER_EXTENSION = app;
			};
			name = Debug;
		};
		662684AC172F25C500283577 /* Release */ = {
			isa = XCBuildConfiguration;
			buildSettings = {
				CLANG_CXX_LIBRARY = "libc++";
				CLANG_WARN_CONSTANT_CONVERSION = YES;
				CLANG_WARN_EMPTY_BODY = YES;
				CLANG_WARN_ENUM_CONVERSION = YES;
				CLANG_WARN_INT_CONVERSION = YES;
				"CODE_SIGN_IDENTITY[sdk=iphoneos*]" = "iPhone Developer";
				GCC_PRECOMPILE_PREFIX_HEADER = YES;
				GCC_PREFIX_HEADER = "MarkdownCatalog/MarkdownCatalog-Prefix.pch";
				INFOPLIST_FILE = "MarkdownCatalog/MarkdownCatalog-Info.plist";
				IPHONEOS_DEPLOYMENT_TARGET = 6.1;
				OTHER_CFLAGS = "-DNS_BLOCK_ASSERTIONS=1";
				PRODUCT_NAME = "$(TARGET_NAME)";
				TARGETED_DEVICE_FAMILY = "1,2";
				WRAPPER_EXTENSION = app;
			};
			name = Release;
		};
		66AB04C41596EA9600806DC4 /* Debug */ = {
			isa = XCBuildConfiguration;
			buildSettings = {
				ALWAYS_SEARCH_USER_PATHS = NO;
				CLANG_CXX_LANGUAGE_STANDARD = "gnu++0x";
				CLANG_ENABLE_OBJC_ARC = YES;
				CLANG_WARN__DUPLICATE_METHOD_MATCH = YES;
				COPY_PHASE_STRIP = NO;
				GCC_C_LANGUAGE_STANDARD = gnu99;
				GCC_DYNAMIC_NO_PIC = NO;
				GCC_OPTIMIZATION_LEVEL = 0;
				GCC_PREFIX_HEADER = Prefix.pch;
				GCC_PREPROCESSOR_DEFINITIONS = (
					"DEBUG=1",
					"$(inherited)",
				);
				GCC_SYMBOLS_PRIVATE_EXTERN = NO;
				GCC_WARN_ABOUT_RETURN_TYPE = YES;
				GCC_WARN_UNINITIALIZED_AUTOS = YES;
				GCC_WARN_UNUSED_VARIABLE = YES;
				IPHONEOS_DEPLOYMENT_TARGET = 6.0;
				SDKROOT = iphoneos;
			};
			name = Debug;
		};
		66AB04C51596EA9600806DC4 /* Release */ = {
			isa = XCBuildConfiguration;
			buildSettings = {
				ALWAYS_SEARCH_USER_PATHS = NO;
				CLANG_CXX_LANGUAGE_STANDARD = "gnu++0x";
				CLANG_ENABLE_OBJC_ARC = YES;
				CLANG_WARN__DUPLICATE_METHOD_MATCH = YES;
				COPY_PHASE_STRIP = YES;
				GCC_C_LANGUAGE_STANDARD = gnu99;
				GCC_PREFIX_HEADER = Prefix.pch;
				GCC_WARN_ABOUT_RETURN_TYPE = YES;
				GCC_WARN_UNINITIALIZED_AUTOS = YES;
				GCC_WARN_UNUSED_VARIABLE = YES;
				IPHONEOS_DEPLOYMENT_TARGET = 6.0;
				SDKROOT = iphoneos;
				VALIDATE_PRODUCT = YES;
			};
			name = Release;
		};
		66AB04F31596EC4A00806DC4 /* Debug */ = {
			isa = XCBuildConfiguration;
			buildSettings = {
				ARCHS = "$(ARCHS_STANDARD_64_BIT)";
				COMBINE_HIDPI_IMAGES = YES;
				DEBUGGING_SYMBOLS = YES;
				GCC_ENABLE_OBJC_EXCEPTIONS = YES;
				GCC_GENERATE_DEBUGGING_SYMBOLS = YES;
				GCC_OPTIMIZATION_LEVEL = 0;
				GCC_WARN_64_TO_32_BIT_CONVERSION = YES;
				MACOSX_DEPLOYMENT_TARGET = 10.8;
				ONLY_ACTIVE_ARCH = YES;
				OTHER_CFLAGS = "";
				OTHER_LDFLAGS = "";
				PRODUCT_NAME = "$(TARGET_NAME)";
				SDKROOT = macosx;
			};
			name = Debug;
		};
		66AB04F41596EC4A00806DC4 /* Release */ = {
			isa = XCBuildConfiguration;
			buildSettings = {
				ARCHS = "$(ARCHS_STANDARD_64_BIT)";
				COMBINE_HIDPI_IMAGES = YES;
				DEBUG_INFORMATION_FORMAT = "dwarf-with-dsym";
				GCC_ENABLE_OBJC_EXCEPTIONS = YES;
				GCC_WARN_64_TO_32_BIT_CONVERSION = YES;
				MACOSX_DEPLOYMENT_TARGET = 10.8;
				OTHER_CFLAGS = "";
				OTHER_LDFLAGS = "";
				PRODUCT_NAME = "$(TARGET_NAME)";
				SDKROOT = macosx;
			};
			name = Release;
		};
/* End XCBuildConfiguration section */

/* Begin XCConfigurationList section */
		66268481172F22B500283577 /* Build configuration list for PBXNativeTarget "NSAttributedStringMarkdownParser" */ = {
			isa = XCConfigurationList;
			buildConfigurations = (
				66268482172F22B500283577 /* Debug */,
				66268483172F22B500283577 /* Release */,
			);
			defaultConfigurationIsVisible = 0;
			defaultConfigurationName = Release;
		};
		662684AA172F25C500283577 /* Build configuration list for PBXNativeTarget "MarkdownCatalog" */ = {
			isa = XCConfigurationList;
			buildConfigurations = (
				662684AB172F25C500283577 /* Debug */,
				662684AC172F25C500283577 /* Release */,
			);
			defaultConfigurationIsVisible = 0;
			defaultConfigurationName = Release;
		};
		66AB049B1596EA9600806DC4 /* Build configuration list for PBXProject "MarkdownAttributedString" */ = {
			isa = XCConfigurationList;
			buildConfigurations = (
				66AB04C41596EA9600806DC4 /* Debug */,
				66AB04C51596EA9600806DC4 /* Release */,
			);
			defaultConfigurationIsVisible = 0;
			defaultConfigurationName = Release;
		};
		66AB04F21596EC4A00806DC4 /* Build configuration list for PBXLegacyTarget "Markdown Grammar" */ = {
			isa = XCConfigurationList;
			buildConfigurations = (
				66AB04F31596EC4A00806DC4 /* Debug */,
				66AB04F41596EC4A00806DC4 /* Release */,
			);
			defaultConfigurationIsVisible = 0;
			defaultConfigurationName = Release;
		};
/* End XCConfigurationList section */
	};
	rootObject = 66AB04981596EA9600806DC4 /* Project object */;
}
