PODS:
  - fmemopen (0.0.1)
  - XNGMarkdownParser (0.1):
    - fmemopen

DEPENDENCIES:
  - XNGMarkdownParser (from `../XNGMarkdownParser.podspec`)

EXTERNAL SOURCES:
  XNGMarkdownParser:
    :path: ../XNGMarkdownParser.podspec

SPEC CHECKSUMS:
  fmemopen: ccbcc664b54a0fdbffc3b2727decb0525f9ebda9
  XNGMarkdownParser: 6967f9f80a8d1fd1fda2698d4ad7cd772b0ef5d7

COCOAPODS: 0.33.1
